// !$*UTF8*$!
{
	archiveVersion = 1;
	classes = {
	};
	objectVersion = 54;
	objects = {

/* Begin PBXBuildFile section */
		00075FFA95E938133B1DB24A /* GetDimensionsViewModifier.swift in Sources */ = {isa = PBXBuildFile; fileRef = 1B99052A66ED05EEE8889537 /* GetDimensionsViewModifier.swift */; };
		01A2B7D50EA44CEC83EF9472 /* ProfileSettingsView+KidRowView.swift in Sources */ = {isa = PBXBuildFile; fileRef = 5DFFE814CE1E74DF8BC4D274 /* ProfileSettingsView+KidRowView.swift */; };
		02B52C8751DD0ED7300D8078 /* ProfileTabView.swift in Sources */ = {isa = PBXBuildFile; fileRef = 4F24C746174102EB9285A810 /* ProfileTabView.swift */; };
		098D84495A917A49950D21DD /* Assets.xcassets in Resources */ = {isa = PBXBuildFile; fileRef = AED864378F9B69968538A32B /* Assets.xcassets */; };
		0A35914E7CA16E7FE87CB67A /* TodayTabView.swift in Sources */ = {isa = PBXBuildFile; fileRef = 7C3DBE9E60D611195701B173 /* TodayTabView.swift */; };
		0BD9151D08E5B193A4C1732A /* DiagonalLines.swift in Sources */ = {isa = PBXBuildFile; fileRef = 7445EFD0D06C470301AD5852 /* DiagonalLines.swift */; };
		0DEA15718CEA3EAA6FDBBC55 /* SleepSession.swift in Sources */ = {isa = PBXBuildFile; fileRef = B183351B187FAE72A55E9484 /* SleepSession.swift */; };
		134382B75391F4B87C8879B6 /* AppState+Debug.swift in Sources */ = {isa = PBXBuildFile; fileRef = 60C1B7FA4FC78224FB28281D /* AppState+Debug.swift */; };
		13EAE6BFA75E88EF47980057 /* HourTimeView.swift in Sources */ = {isa = PBXBuildFile; fileRef = EAA032C9EA4DFE18AA8C986C /* HourTimeView.swift */; };
		1BD91673BEE3568CAE9C5FDC /* SleepSessionEntryView.swift in Sources */ = {isa = PBXBuildFile; fileRef = 09309FB05466CEEDB6044329 /* SleepSessionEntryView.swift */; };
		1EE182732489D4D41406E259 /* GothamFont.swift in Sources */ = {isa = PBXBuildFile; fileRef = 662EF81402D59DDD5452221F /* GothamFont.swift */; };
		20270D642EB5318C85FF3924 /* ProgressBar.swift in Sources */ = {isa = PBXBuildFile; fileRef = 9EEBD138441CA804BE5C1DE1 /* ProgressBar.swift */; };
		20DDBE94C49D2666CE8FEEB9 /* ModelContainer+inMemoryContainer.swift in Sources */ = {isa = PBXBuildFile; fileRef = 60BA024D244C8B7577340E6B /* ModelContainer+inMemoryContainer.swift */; };
		20E54E92926AFF966CACB09F /* Kid.swift in Sources */ = {isa = PBXBuildFile; fileRef = 8B52D6C27D81800855A3BE5B /* Kid.swift */; };
		21CBAD0FDB23B3BB9A1188F0 /* AddSleepView.swift in Sources */ = {isa = PBXBuildFile; fileRef = EA81E6848B84B0E9CCE2DFD0 /* AddSleepView.swift */; };
		2461DC415393FD246437E268 /* ProfileKidListItemView.swift in Sources */ = {isa = PBXBuildFile; fileRef = F88A675471CE52261C9CB41C /* ProfileKidListItemView.swift */; };
		25C140B6E3D6F422008857E1 /* DatePickerColorViewModifier.swift in Sources */ = {isa = PBXBuildFile; fileRef = BD984770DDA9B66217A16171 /* DatePickerColorViewModifier.swift */; };
		2786C2D190E579EA8B0B6A5A /* SleepSessionStore.swift in Sources */ = {isa = PBXBuildFile; fileRef = 2265D581F82E8C18A265A222 /* SleepSessionStore.swift */; };
		29510E3D657B3FD04709F622 /* ProfileCalendarViewModel.swift in Sources */ = {isa = PBXBuildFile; fileRef = 8E2AE3A9107319C7B79508F1 /* ProfileCalendarViewModel.swift */; };
		2BC8618424D0D922AB6F2F83 /* SwiftlyBeautiful in Frameworks */ = {isa = PBXBuildFile; productRef = 98848C4539B7EDDDA9DD8766 /* SwiftlyBeautiful */; };
		2C2BA9403FC1A28F9E438D8B /* gothamrnd_light.otf in Resources */ = {isa = PBXBuildFile; fileRef = 57B07AAA192145ACDFB43122 /* gothamrnd_light.otf */; };
		2CC91433A59FCFACEB6C7FC4 /* gothamrnd_bold.otf in Resources */ = {isa = PBXBuildFile; fileRef = F0BD63EB7797A7ACA9D521A5 /* gothamrnd_bold.otf */; };
		2E8DBB39662C19CF54A8C1AF /* SleepSessionViewRepresentation.swift in Sources */ = {isa = PBXBuildFile; fileRef = 7F6CA0AF456608C84195BDAA /* SleepSessionViewRepresentation.swift */; };
		2EBB7B3E74A45D78E5304CAC /* SleepSessionViewModel.swift in Sources */ = {isa = PBXBuildFile; fileRef = 0B50068E93465B5601AD9848 /* SleepSessionViewModel.swift */; };
		3755B063A5503985931C48DA /* SubmitButton.swift in Sources */ = {isa = PBXBuildFile; fileRef = D6A18F6AF1B877332F4CEAB9 /* SubmitButton.swift */; };
		376B7E53542FCAD715C96C7F /* DayPickerBarViewRepresentable.swift in Sources */ = {isa = PBXBuildFile; fileRef = 1778D68082D92A25F2F30914 /* DayPickerBarViewRepresentable.swift */; };
		3D4D5CEB82E789B88A0C6716 /* SleepProgressBarView.swift in Sources */ = {isa = PBXBuildFile; fileRef = DD492159544C431EAFB7847C /* SleepProgressBarView.swift */; };
		3E45B033DC8AD5D2E7A24552 /* SleepManager.swift in Sources */ = {isa = PBXBuildFile; fileRef = B004137B860DC1656C28860D /* SleepManager.swift */; };
		423AAF5B84EC4F5256434B13 /* mellow_iosUITests.swift in Sources */ = {isa = PBXBuildFile; fileRef = 3B4A6D40BE6A37C26DEF8D52 /* mellow_iosUITests.swift */; };
		486D83020652C03C35C029A9 /* mellow_iosUITestsLaunchTests.swift in Sources */ = {isa = PBXBuildFile; fileRef = FBD72ED105B08974AC3FE821 /* mellow_iosUITestsLaunchTests.swift */; };
		4F861906A42011FCA40129FE /* Array+SleepSession.swift in Sources */ = {isa = PBXBuildFile; fileRef = F599A354988D46B94BD11680 /* Array+SleepSession.swift */; };
		513D1091E04C334A6F8A4EE9 /* IntroView.swift in Sources */ = {isa = PBXBuildFile; fileRef = 2C9B2E3A5A83499CC93ACF81 /* IntroView.swift */; };
		5308253D64B63685B351081E /* RootViewModel.swift in Sources */ = {isa = PBXBuildFile; fileRef = 4264B409EA806B619AB4C147 /* RootViewModel.swift */; };
		57D268298544A0F9F3415F03 /* ProfileView.swift in Sources */ = {isa = PBXBuildFile; fileRef = D35988C5853480431576329E /* ProfileView.swift */; };
		58F1D2299DBD84D43A8BC8A4 /* DimmedBackgroundViewModifier.swift in Sources */ = {isa = PBXBuildFile; fileRef = D61CEF07C0AF8D4B2C3E3807 /* DimmedBackgroundViewModifier.swift */; };
		595D63D7104715FFDB5F32AB /* RootView.swift in Sources */ = {isa = PBXBuildFile; fileRef = C7709350749F8819EFC0CB34 /* RootView.swift */; };
		5B09CE37DD3EE9DAAAF298D5 /* Date+Extensions.swift in Sources */ = {isa = PBXBuildFile; fileRef = CE1AFCCBA8821970DF4F0B05 /* Date+Extensions.swift */; };
		5CC1E0670974D2A362B42ABF /* KidsStore.swift in Sources */ = {isa = PBXBuildFile; fileRef = B1B620B86A83BF87BCA80FFA /* KidsStore.swift */; };
		5D91F0A1CD144F0205065F69 /* CalendarDayViewWithPager.swift in Sources */ = {isa = PBXBuildFile; fileRef = 7E139F488C3A449B6B9B6066 /* CalendarDayViewWithPager.swift */; };
		5DFA5C686E162F9CC8F639F7 /* SleepTimePicker.swift in Sources */ = {isa = PBXBuildFile; fileRef = 8D9696BA9100704F15034635 /* SleepTimePicker.swift */; };
		60531454ACF879177A10DA95 /* AppState.swift in Sources */ = {isa = PBXBuildFile; fileRef = 52EDA87DE878ED645844A53B /* AppState.swift */; };
		62B5CEED23C06D94499986FC /* ProfileSettingsView.swift in Sources */ = {isa = PBXBuildFile; fileRef = 3C8D699B50BF73E6254F4388 /* ProfileSettingsView.swift */; };
		645A25EFE366EAC23183CB27 /* Preview Assets.xcassets in Resources */ = {isa = PBXBuildFile; fileRef = 85E0B354331CECF3867168BB /* Preview Assets.xcassets */; };
		66F72DD82820DC781D054D6A /* SleepSession+Validation.swift in Sources */ = {isa = PBXBuildFile; fileRef = 8ADAAB7E8C3C2E01A6C7AFB3 /* SleepSession+Validation.swift */; };
		6930E6C1DF0E6C56A7B3A0A8 /* AddSleepHeader.swift in Sources */ = {isa = PBXBuildFile; fileRef = 4967E0C8D5811F69C02660BF /* AddSleepHeader.swift */; };
		6BE866474DA149120B497520 /* CalendarSeparator.swift in Sources */ = {isa = PBXBuildFile; fileRef = EBC6CE621B7CB6537876956D /* CalendarSeparator.swift */; };
		72C49868BB63C206E4F3F7CB /* SleepTimePicker+ViewModel.swift in Sources */ = {isa = PBXBuildFile; fileRef = FF9B2947E66302347A8FB416 /* SleepTimePicker+ViewModel.swift */; };
		73F01405F6645ED2841CB89B /* OnboardingView.swift in Sources */ = {isa = PBXBuildFile; fileRef = B49A4A792F91B8B6F1AC1FD5 /* OnboardingView.swift */; };
		7469472A5313DD8092D8BCD2 /* ProfileKidsListView.swift in Sources */ = {isa = PBXBuildFile; fileRef = 0114EB40550A808EA0E644AB /* ProfileKidsListView.swift */; };
		763EE04549CBD15DB92EB786 /* PageViewContent.swift in Sources */ = {isa = PBXBuildFile; fileRef = 6334B31A7B1C5237ABE8FF2E /* PageViewContent.swift */; };
		79D2DBF5686DC71E932FB20A /* AddSleepSessionDelete.swift in Sources */ = {isa = PBXBuildFile; fileRef = CC63CD1112683904020F9763 /* AddSleepSessionDelete.swift */; };
		7DD3C9244ABD17C49AF18374 /* ProfileStatsView.swift in Sources */ = {isa = PBXBuildFile; fileRef = 710D8DDFCC5E32332E3A370A /* ProfileStatsView.swift */; };
		806A4060CEB7299FA9339B69 /* Kid+Age.swift in Sources */ = {isa = PBXBuildFile; fileRef = B9B4F56FD384552A1466FAC0 /* Kid+Age.swift */; };
		88FC05784D5597FC3D722A3A /* RoundedCorner.swift in Sources */ = {isa = PBXBuildFile; fileRef = 3CEBE2E97A37A8A468537DA7 /* RoundedCorner.swift */; };
		8DD1CB128B1B2D543AC72055 /* AppendSleepSessionInProgressViewModifier.swift in Sources */ = {isa = PBXBuildFile; fileRef = 27EE1DE977629968B4BB0710 /* AppendSleepSessionInProgressViewModifier.swift */; };
		8F02CCC778AA82B2AB7CA119 /* KidsStoreProtocol.swift in Sources */ = {isa = PBXBuildFile; fileRef = BF775712A5FD11EA4C058FF5 /* KidsStoreProtocol.swift */; };
		94C3818EA676F2309AD4C985 /* PlanPromptView.swift in Sources */ = {isa = PBXBuildFile; fileRef = 157F3813AD891E2DCED2C959 /* PlanPromptView.swift */; };
		95EE0D839EF1D68D12B4B34D /* PlanQuestionView.swift in Sources */ = {isa = PBXBuildFile; fileRef = 742C0671CD9391CE8B76E976 /* PlanQuestionView.swift */; };
		9B100ED6A3B61F1E12BB1B1D /* mellow_iosTests.swift in Sources */ = {isa = PBXBuildFile; fileRef = C70D03D6E17B4D274949B1E5 /* mellow_iosTests.swift */; };
		9F7273B4EEE0ED64323EB03F /* gothamrnd_medium.otf in Resources */ = {isa = PBXBuildFile; fileRef = 2393E7764C82020338DC9C29 /* gothamrnd_medium.otf */; };
		A2F751299D4A42D8E5E76D62 /* SleepSessionInProgressView.swift in Sources */ = {isa = PBXBuildFile; fileRef = B96AE46CD76DEAFB011855C3 /* SleepSessionInProgressView.swift */; };
		ABAFEF96FEADB0A49F8B4ECC /* CurrentTimeSeparatorView.swift in Sources */ = {isa = PBXBuildFile; fileRef = 182A5719861858993F1E04CB /* CurrentTimeSeparatorView.swift */; };
		B0477384323C582D1994F9EE /* OnboardingCompletedView.swift in Sources */ = {isa = PBXBuildFile; fileRef = 6039044B5921A5E7D37B98D0 /* OnboardingCompletedView.swift */; };
		B1FD69B60B78C2216F94F7C1 /* MeasureSizeViewModifier.swift in Sources */ = {isa = PBXBuildFile; fileRef = D8C719C6027AFC76AC7FFAD2 /* MeasureSizeViewModifier.swift */; };
		B288A584ED452E79E95C1F5F /* SleepSessionInProgressHeightPreferenceKey.swift in Sources */ = {isa = PBXBuildFile; fileRef = 84BF585FF2A9B2B298363BB4 /* SleepSessionInProgressHeightPreferenceKey.swift */; };
		B2F962484D72F9EDC25B223E /* ProfileSettingsKidEditView.swift in Sources */ = {isa = PBXBuildFile; fileRef = 62F01C87679FCF4E4FA070EF /* ProfileSettingsKidEditView.swift */; };
		B4412B7C6CB5E93CE2030B05 /* mellow_iosApp.swift in Sources */ = {isa = PBXBuildFile; fileRef = 220192FFD3040057777EE2BF /* mellow_iosApp.swift */; };
		BC7D21E423155AC9735BB461 /* ContentView.swift in Sources */ = {isa = PBXBuildFile; fileRef = 5A9B16E98D483D49413AC8D1 /* ContentView.swift */; };
		BD68E7935AD9D81F9CA6A9D4 /* OnboardingState.swift in Sources */ = {isa = PBXBuildFile; fileRef = 53C903BA33CDA8BB7F58D855 /* OnboardingState.swift */; };
		C2E69CB2003CD9A9F4791BD9 /* ScheduleTabView.swift in Sources */ = {isa = PBXBuildFile; fileRef = 872428B056F7C1B81B95839C /* ScheduleTabView.swift */; };
		C33D2FEE7C67DDE1E32D9570 /* DatabaseService.swift in Sources */ = {isa = PBXBuildFile; fileRef = BD6D6A369FCBCA7272FEAF06 /* DatabaseService.swift */; };
		C35341502BBBDC517ED558D9 /* ProfileCalendarView.swift in Sources */ = {isa = PBXBuildFile; fileRef = DED1E0DAB3316D9F1F8B9161 /* ProfileCalendarView.swift */; };
		C3BF7F9303BD8D0C4CAC15AD /* DayPickerBarCollectionView.swift in Sources */ = {isa = PBXBuildFile; fileRef = 7BE54124530CA47A7419694E /* DayPickerBarCollectionView.swift */; };
		C96CA8390B86F2F07DA78D9D /* DayPickerBarView.swift in Sources */ = {isa = PBXBuildFile; fileRef = 8C8C76EB5A9A56AE98D8DF73 /* DayPickerBarView.swift */; };
		CFF209CBC6768F3D4F197686 /* NextSleepView.swift in Sources */ = {isa = PBXBuildFile; fileRef = 03EFF523C0AA112CF52B07C6 /* NextSleepView.swift */; };
		D0F01A7467B9324D7DA5D829 /* SleepSessionStoreProtocol.swift in Sources */ = {isa = PBXBuildFile; fileRef = 469416541650B1606D3DB730 /* SleepSessionStoreProtocol.swift */; };
		D2E74695463175643A9ABE3E /* Array+ScheduledSleepSession.swift in Sources */ = {isa = PBXBuildFile; fileRef = DE8A8E5C835D0B2B658D31D2 /* Array+ScheduledSleepSession.swift */; };
		D48B6526A25E2D45D7D1619D /* SleepScoreLockedView.swift in Sources */ = {isa = PBXBuildFile; fileRef = 07F0CC09251C4A5311CEFCC6 /* SleepScoreLockedView.swift */; };
		D53D57841B8C6EAD24EBA2AE /* PlanTextInputView.swift in Sources */ = {isa = PBXBuildFile; fileRef = 456204C6B1639CAE5823842A /* PlanTextInputView.swift */; };
		DB33571B434126379B92FDA0 /* TodayTabViewModel.swift in Sources */ = {isa = PBXBuildFile; fileRef = 9B5439D5C2F5B16E4BC82A6D /* TodayTabViewModel.swift */; };
		E1A95FE2634CBB26552AD862 /* DayHourSlotView.swift in Sources */ = {isa = PBXBuildFile; fileRef = AEC56CE0BD849E58C6C826E4 /* DayHourSlotView.swift */; };
		E513B7237E18715DB3BF989C /* AddSleepTimePickers.swift in Sources */ = {isa = PBXBuildFile; fileRef = DA32AE163D3E4B4779EDA552 /* AddSleepTimePickers.swift */; };
		E9C052FBBD860FF0E232CAF1 /* PlanDateInputView.swift in Sources */ = {isa = PBXBuildFile; fileRef = 50CED2265A99DEBC422C9261 /* PlanDateInputView.swift */; };
		EA4E347C9A779F6436031A79 /* DayPickerBarCollectionView+Cell.swift in Sources */ = {isa = PBXBuildFile; fileRef = 39657F47EEBBB0056544061E /* DayPickerBarCollectionView+Cell.swift */; };
		EC81B467697BC6FE6E7B6B17 /* CalendarDayViewModel.swift in Sources */ = {isa = PBXBuildFile; fileRef = 38CF2327BB7E33ED2402A94A /* CalendarDayViewModel.swift */; };
		F050E9C5F425251B1A8C11BD /* SessionInfoView.swift in Sources */ = {isa = PBXBuildFile; fileRef = 9F6FC98EEC072F6AB07B2B8A /* SessionInfoView.swift */; };
		F06F1D471D23506D0E65ACD9 /* ProfileHeaderView.swift in Sources */ = {isa = PBXBuildFile; fileRef = 55E7EC9938E5AA20CFA58DAD /* ProfileHeaderView.swift */; };
		F1372E044257CC18DDDDC04C /* ProfileSettingsViewPreviewWrapper.swift in Sources */ = {isa = PBXBuildFile; fileRef = DACCE02794ECCFC565177380 /* ProfileSettingsViewPreviewWrapper.swift */; };
		F340010D708F15C505404BD9 /* CalendarDayView.swift in Sources */ = {isa = PBXBuildFile; fileRef = 915A396A40EA826E274DC8C6 /* CalendarDayView.swift */; };
		F3647138125E5DC62706E574 /* SleepSession+Factory.swift in Sources */ = {isa = PBXBuildFile; fileRef = 8FFBBE5BD7070BBAA188EC8B /* SleepSession+Factory.swift */; };
		FD0079466FC0B99305D398C2 /* ReducerProtocol.swift in Sources */ = {isa = PBXBuildFile; fileRef = EB3D28A13A5927B1CB0FDC39 /* ReducerProtocol.swift */; };
/* End PBXBuildFile section */

/* Begin PBXContainerItemProxy section */
		76CAB35898546A614E508D6C /* PBXContainerItemProxy */ = {
			isa = PBXContainerItemProxy;
			containerPortal = AF277E41AE1BAF52D5A3DB46 /* Project object */;
			proxyType = 1;
			remoteGlobalIDString = F2016A8B48D1A266064AA7E3;
			remoteInfo = "mellow-ios";
		};
		FF42979317300D025B1FAFF3 /* PBXContainerItemProxy */ = {
			isa = PBXContainerItemProxy;
			containerPortal = AF277E41AE1BAF52D5A3DB46 /* Project object */;
			proxyType = 1;
			remoteGlobalIDString = F2016A8B48D1A266064AA7E3;
			remoteInfo = "mellow-ios";
		};
/* End PBXContainerItemProxy section */

/* Begin PBXFileReference section */
		0114EB40550A808EA0E644AB /* ProfileKidsListView.swift */ = {isa = PBXFileReference; lastKnownFileType = sourcecode.swift; path = ProfileKidsListView.swift; sourceTree = "<group>"; };
		03EFF523C0AA112CF52B07C6 /* NextSleepView.swift */ = {isa = PBXFileReference; lastKnownFileType = sourcecode.swift; path = NextSleepView.swift; sourceTree = "<group>"; };
		07F0CC09251C4A5311CEFCC6 /* SleepScoreLockedView.swift */ = {isa = PBXFileReference; lastKnownFileType = sourcecode.swift; path = SleepScoreLockedView.swift; sourceTree = "<group>"; };
		09309FB05466CEEDB6044329 /* SleepSessionEntryView.swift */ = {isa = PBXFileReference; lastKnownFileType = sourcecode.swift; path = SleepSessionEntryView.swift; sourceTree = "<group>"; };
		0B50068E93465B5601AD9848 /* SleepSessionViewModel.swift */ = {isa = PBXFileReference; lastKnownFileType = sourcecode.swift; path = SleepSessionViewModel.swift; sourceTree = "<group>"; };
		157F3813AD891E2DCED2C959 /* PlanPromptView.swift */ = {isa = PBXFileReference; lastKnownFileType = sourcecode.swift; path = PlanPromptView.swift; sourceTree = "<group>"; };
		1778D68082D92A25F2F30914 /* DayPickerBarViewRepresentable.swift */ = {isa = PBXFileReference; lastKnownFileType = sourcecode.swift; path = DayPickerBarViewRepresentable.swift; sourceTree = "<group>"; };
		182A5719861858993F1E04CB /* CurrentTimeSeparatorView.swift */ = {isa = PBXFileReference; lastKnownFileType = sourcecode.swift; path = CurrentTimeSeparatorView.swift; sourceTree = "<group>"; };
		1B99052A66ED05EEE8889537 /* GetDimensionsViewModifier.swift */ = {isa = PBXFileReference; lastKnownFileType = sourcecode.swift; path = GetDimensionsViewModifier.swift; sourceTree = "<group>"; };
		220192FFD3040057777EE2BF /* mellow_iosApp.swift */ = {isa = PBXFileReference; lastKnownFileType = sourcecode.swift; path = mellow_iosApp.swift; sourceTree = "<group>"; };
		2265D581F82E8C18A265A222 /* SleepSessionStore.swift */ = {isa = PBXFileReference; lastKnownFileType = sourcecode.swift; path = SleepSessionStore.swift; sourceTree = "<group>"; };
		2393E7764C82020338DC9C29 /* gothamrnd_medium.otf */ = {isa = PBXFileReference; lastKnownFileType = file; path = gothamrnd_medium.otf; sourceTree = "<group>"; };
		27EE1DE977629968B4BB0710 /* AppendSleepSessionInProgressViewModifier.swift */ = {isa = PBXFileReference; lastKnownFileType = sourcecode.swift; path = AppendSleepSessionInProgressViewModifier.swift; sourceTree = "<group>"; };
		2C9B2E3A5A83499CC93ACF81 /* IntroView.swift */ = {isa = PBXFileReference; lastKnownFileType = sourcecode.swift; path = IntroView.swift; sourceTree = "<group>"; };
		32788E70EEE94896D86B0F39 /* mellow-iosTests.xctest */ = {isa = PBXFileReference; includeInIndex = 0; lastKnownFileType = wrapper.cfbundle; path = "mellow-iosTests.xctest"; sourceTree = BUILT_PRODUCTS_DIR; };
		38CF2327BB7E33ED2402A94A /* CalendarDayViewModel.swift */ = {isa = PBXFileReference; lastKnownFileType = sourcecode.swift; path = CalendarDayViewModel.swift; sourceTree = "<group>"; };
		39657F47EEBBB0056544061E /* DayPickerBarCollectionView+Cell.swift */ = {isa = PBXFileReference; lastKnownFileType = sourcecode.swift; path = "DayPickerBarCollectionView+Cell.swift"; sourceTree = "<group>"; };
		3B4A6D40BE6A37C26DEF8D52 /* mellow_iosUITests.swift */ = {isa = PBXFileReference; lastKnownFileType = sourcecode.swift; path = mellow_iosUITests.swift; sourceTree = "<group>"; };
		3C8D699B50BF73E6254F4388 /* ProfileSettingsView.swift */ = {isa = PBXFileReference; lastKnownFileType = sourcecode.swift; path = ProfileSettingsView.swift; sourceTree = "<group>"; };
		3CEBE2E97A37A8A468537DA7 /* RoundedCorner.swift */ = {isa = PBXFileReference; lastKnownFileType = sourcecode.swift; path = RoundedCorner.swift; sourceTree = "<group>"; };
		4264B409EA806B619AB4C147 /* RootViewModel.swift */ = {isa = PBXFileReference; lastKnownFileType = sourcecode.swift; path = RootViewModel.swift; sourceTree = "<group>"; };
		456204C6B1639CAE5823842A /* PlanTextInputView.swift */ = {isa = PBXFileReference; lastKnownFileType = sourcecode.swift; path = PlanTextInputView.swift; sourceTree = "<group>"; };
		469416541650B1606D3DB730 /* SleepSessionStoreProtocol.swift */ = {isa = PBXFileReference; lastKnownFileType = sourcecode.swift; path = SleepSessionStoreProtocol.swift; sourceTree = "<group>"; };
		4967E0C8D5811F69C02660BF /* AddSleepHeader.swift */ = {isa = PBXFileReference; lastKnownFileType = sourcecode.swift; path = AddSleepHeader.swift; sourceTree = "<group>"; };
		4F24C746174102EB9285A810 /* ProfileTabView.swift */ = {isa = PBXFileReference; lastKnownFileType = sourcecode.swift; path = ProfileTabView.swift; sourceTree = "<group>"; };
		50CED2265A99DEBC422C9261 /* PlanDateInputView.swift */ = {isa = PBXFileReference; lastKnownFileType = sourcecode.swift; path = PlanDateInputView.swift; sourceTree = "<group>"; };
		52EDA87DE878ED645844A53B /* AppState.swift */ = {isa = PBXFileReference; lastKnownFileType = sourcecode.swift; path = AppState.swift; sourceTree = "<group>"; };
		53C903BA33CDA8BB7F58D855 /* OnboardingState.swift */ = {isa = PBXFileReference; lastKnownFileType = sourcecode.swift; path = OnboardingState.swift; sourceTree = "<group>"; };
		55E7EC9938E5AA20CFA58DAD /* ProfileHeaderView.swift */ = {isa = PBXFileReference; lastKnownFileType = sourcecode.swift; path = ProfileHeaderView.swift; sourceTree = "<group>"; };
		57B07AAA192145ACDFB43122 /* gothamrnd_light.otf */ = {isa = PBXFileReference; lastKnownFileType = file; path = gothamrnd_light.otf; sourceTree = "<group>"; };
		5A9B16E98D483D49413AC8D1 /* ContentView.swift */ = {isa = PBXFileReference; lastKnownFileType = sourcecode.swift; path = ContentView.swift; sourceTree = "<group>"; };
		5DFFE814CE1E74DF8BC4D274 /* ProfileSettingsView+KidRowView.swift */ = {isa = PBXFileReference; lastKnownFileType = sourcecode.swift; path = "ProfileSettingsView+KidRowView.swift"; sourceTree = "<group>"; };
		6039044B5921A5E7D37B98D0 /* OnboardingCompletedView.swift */ = {isa = PBXFileReference; lastKnownFileType = sourcecode.swift; path = OnboardingCompletedView.swift; sourceTree = "<group>"; };
		60BA024D244C8B7577340E6B /* ModelContainer+inMemoryContainer.swift */ = {isa = PBXFileReference; lastKnownFileType = sourcecode.swift; path = "ModelContainer+inMemoryContainer.swift"; sourceTree = "<group>"; };
		60C1B7FA4FC78224FB28281D /* AppState+Debug.swift */ = {isa = PBXFileReference; lastKnownFileType = sourcecode.swift; path = "AppState+Debug.swift"; sourceTree = "<group>"; };
		62F01C87679FCF4E4FA070EF /* ProfileSettingsKidEditView.swift */ = {isa = PBXFileReference; lastKnownFileType = sourcecode.swift; path = ProfileSettingsKidEditView.swift; sourceTree = "<group>"; };
		6334B31A7B1C5237ABE8FF2E /* PageViewContent.swift */ = {isa = PBXFileReference; lastKnownFileType = sourcecode.swift; path = PageViewContent.swift; sourceTree = "<group>"; };
		662EF81402D59DDD5452221F /* GothamFont.swift */ = {isa = PBXFileReference; lastKnownFileType = sourcecode.swift; path = GothamFont.swift; sourceTree = "<group>"; };
		710D8DDFCC5E32332E3A370A /* ProfileStatsView.swift */ = {isa = PBXFileReference; lastKnownFileType = sourcecode.swift; path = ProfileStatsView.swift; sourceTree = "<group>"; };
		742C0671CD9391CE8B76E976 /* PlanQuestionView.swift */ = {isa = PBXFileReference; lastKnownFileType = sourcecode.swift; path = PlanQuestionView.swift; sourceTree = "<group>"; };
		7445EFD0D06C470301AD5852 /* DiagonalLines.swift */ = {isa = PBXFileReference; lastKnownFileType = sourcecode.swift; path = DiagonalLines.swift; sourceTree = "<group>"; };
		7BE54124530CA47A7419694E /* DayPickerBarCollectionView.swift */ = {isa = PBXFileReference; lastKnownFileType = sourcecode.swift; path = DayPickerBarCollectionView.swift; sourceTree = "<group>"; };
		7C3DBE9E60D611195701B173 /* TodayTabView.swift */ = {isa = PBXFileReference; lastKnownFileType = sourcecode.swift; path = TodayTabView.swift; sourceTree = "<group>"; };
		7E139F488C3A449B6B9B6066 /* CalendarDayViewWithPager.swift */ = {isa = PBXFileReference; lastKnownFileType = sourcecode.swift; path = CalendarDayViewWithPager.swift; sourceTree = "<group>"; };
		7F6CA0AF456608C84195BDAA /* SleepSessionViewRepresentation.swift */ = {isa = PBXFileReference; lastKnownFileType = sourcecode.swift; path = SleepSessionViewRepresentation.swift; sourceTree = "<group>"; };
		84BF585FF2A9B2B298363BB4 /* SleepSessionInProgressHeightPreferenceKey.swift */ = {isa = PBXFileReference; lastKnownFileType = sourcecode.swift; path = SleepSessionInProgressHeightPreferenceKey.swift; sourceTree = "<group>"; };
		85E0B354331CECF3867168BB /* Preview Assets.xcassets */ = {isa = PBXFileReference; lastKnownFileType = folder.assetcatalog; path = "Preview Assets.xcassets"; sourceTree = "<group>"; };
		872428B056F7C1B81B95839C /* ScheduleTabView.swift */ = {isa = PBXFileReference; lastKnownFileType = sourcecode.swift; path = ScheduleTabView.swift; sourceTree = "<group>"; };
		8ADAAB7E8C3C2E01A6C7AFB3 /* SleepSession+Validation.swift */ = {isa = PBXFileReference; lastKnownFileType = sourcecode.swift; path = "SleepSession+Validation.swift"; sourceTree = "<group>"; };
		8B52D6C27D81800855A3BE5B /* Kid.swift */ = {isa = PBXFileReference; lastKnownFileType = sourcecode.swift; path = Kid.swift; sourceTree = "<group>"; };
		8C8C76EB5A9A56AE98D8DF73 /* DayPickerBarView.swift */ = {isa = PBXFileReference; lastKnownFileType = sourcecode.swift; path = DayPickerBarView.swift; sourceTree = "<group>"; };
		8C9AA25AE38023F51D90945E /* mellow-ios.app */ = {isa = PBXFileReference; includeInIndex = 0; lastKnownFileType = wrapper.application; path = "mellow-ios.app"; sourceTree = BUILT_PRODUCTS_DIR; };
		8D9696BA9100704F15034635 /* SleepTimePicker.swift */ = {isa = PBXFileReference; lastKnownFileType = sourcecode.swift; path = SleepTimePicker.swift; sourceTree = "<group>"; };
		8E2AE3A9107319C7B79508F1 /* ProfileCalendarViewModel.swift */ = {isa = PBXFileReference; lastKnownFileType = sourcecode.swift; path = ProfileCalendarViewModel.swift; sourceTree = "<group>"; };
		8FFBBE5BD7070BBAA188EC8B /* SleepSession+Factory.swift */ = {isa = PBXFileReference; lastKnownFileType = sourcecode.swift; path = "SleepSession+Factory.swift"; sourceTree = "<group>"; };
		915A396A40EA826E274DC8C6 /* CalendarDayView.swift */ = {isa = PBXFileReference; lastKnownFileType = sourcecode.swift; path = CalendarDayView.swift; sourceTree = "<group>"; };
		9B5439D5C2F5B16E4BC82A6D /* TodayTabViewModel.swift */ = {isa = PBXFileReference; lastKnownFileType = sourcecode.swift; path = TodayTabViewModel.swift; sourceTree = "<group>"; };
		9EEBD138441CA804BE5C1DE1 /* ProgressBar.swift */ = {isa = PBXFileReference; lastKnownFileType = sourcecode.swift; path = ProgressBar.swift; sourceTree = "<group>"; };
		9F6FC98EEC072F6AB07B2B8A /* SessionInfoView.swift */ = {isa = PBXFileReference; lastKnownFileType = sourcecode.swift; path = SessionInfoView.swift; sourceTree = "<group>"; };
		AEC56CE0BD849E58C6C826E4 /* DayHourSlotView.swift */ = {isa = PBXFileReference; lastKnownFileType = sourcecode.swift; path = DayHourSlotView.swift; sourceTree = "<group>"; };
		AED864378F9B69968538A32B /* Assets.xcassets */ = {isa = PBXFileReference; lastKnownFileType = folder.assetcatalog; path = Assets.xcassets; sourceTree = "<group>"; };
		B004137B860DC1656C28860D /* SleepManager.swift */ = {isa = PBXFileReference; lastKnownFileType = sourcecode.swift; path = SleepManager.swift; sourceTree = "<group>"; };
		B183351B187FAE72A55E9484 /* SleepSession.swift */ = {isa = PBXFileReference; lastKnownFileType = sourcecode.swift; path = SleepSession.swift; sourceTree = "<group>"; };
		B1B620B86A83BF87BCA80FFA /* KidsStore.swift */ = {isa = PBXFileReference; lastKnownFileType = sourcecode.swift; path = KidsStore.swift; sourceTree = "<group>"; };
		B49A4A792F91B8B6F1AC1FD5 /* OnboardingView.swift */ = {isa = PBXFileReference; lastKnownFileType = sourcecode.swift; path = OnboardingView.swift; sourceTree = "<group>"; };
		B96AE46CD76DEAFB011855C3 /* SleepSessionInProgressView.swift */ = {isa = PBXFileReference; lastKnownFileType = sourcecode.swift; path = SleepSessionInProgressView.swift; sourceTree = "<group>"; };
		B9B4F56FD384552A1466FAC0 /* Kid+Age.swift */ = {isa = PBXFileReference; lastKnownFileType = sourcecode.swift; path = "Kid+Age.swift"; sourceTree = "<group>"; };
		BD6D6A369FCBCA7272FEAF06 /* DatabaseService.swift */ = {isa = PBXFileReference; lastKnownFileType = sourcecode.swift; path = DatabaseService.swift; sourceTree = "<group>"; };
		BD984770DDA9B66217A16171 /* DatePickerColorViewModifier.swift */ = {isa = PBXFileReference; lastKnownFileType = sourcecode.swift; path = DatePickerColorViewModifier.swift; sourceTree = "<group>"; };
		BF775712A5FD11EA4C058FF5 /* KidsStoreProtocol.swift */ = {isa = PBXFileReference; lastKnownFileType = sourcecode.swift; path = KidsStoreProtocol.swift; sourceTree = "<group>"; };
		C70D03D6E17B4D274949B1E5 /* mellow_iosTests.swift */ = {isa = PBXFileReference; lastKnownFileType = sourcecode.swift; path = mellow_iosTests.swift; sourceTree = "<group>"; };
		C7709350749F8819EFC0CB34 /* RootView.swift */ = {isa = PBXFileReference; lastKnownFileType = sourcecode.swift; path = RootView.swift; sourceTree = "<group>"; };
		CC63CD1112683904020F9763 /* AddSleepSessionDelete.swift */ = {isa = PBXFileReference; lastKnownFileType = sourcecode.swift; path = AddSleepSessionDelete.swift; sourceTree = "<group>"; };
		CE1AFCCBA8821970DF4F0B05 /* Date+Extensions.swift */ = {isa = PBXFileReference; lastKnownFileType = sourcecode.swift; path = "Date+Extensions.swift"; sourceTree = "<group>"; };
		D35988C5853480431576329E /* ProfileView.swift */ = {isa = PBXFileReference; lastKnownFileType = sourcecode.swift; path = ProfileView.swift; sourceTree = "<group>"; };
		D61CEF07C0AF8D4B2C3E3807 /* DimmedBackgroundViewModifier.swift */ = {isa = PBXFileReference; lastKnownFileType = sourcecode.swift; path = DimmedBackgroundViewModifier.swift; sourceTree = "<group>"; };
		D6A18F6AF1B877332F4CEAB9 /* SubmitButton.swift */ = {isa = PBXFileReference; lastKnownFileType = sourcecode.swift; path = SubmitButton.swift; sourceTree = "<group>"; };
		D8C719C6027AFC76AC7FFAD2 /* MeasureSizeViewModifier.swift */ = {isa = PBXFileReference; lastKnownFileType = sourcecode.swift; path = MeasureSizeViewModifier.swift; sourceTree = "<group>"; };
		DA32AE163D3E4B4779EDA552 /* AddSleepTimePickers.swift */ = {isa = PBXFileReference; lastKnownFileType = sourcecode.swift; path = AddSleepTimePickers.swift; sourceTree = "<group>"; };
		DACCE02794ECCFC565177380 /* ProfileSettingsViewPreviewWrapper.swift */ = {isa = PBXFileReference; lastKnownFileType = sourcecode.swift; path = ProfileSettingsViewPreviewWrapper.swift; sourceTree = "<group>"; };
		DBBCDC9569BCBD5FEF60611A /* mellow-iosUITests.xctest */ = {isa = PBXFileReference; includeInIndex = 0; lastKnownFileType = wrapper.cfbundle; path = "mellow-iosUITests.xctest"; sourceTree = BUILT_PRODUCTS_DIR; };
		DD492159544C431EAFB7847C /* SleepProgressBarView.swift */ = {isa = PBXFileReference; lastKnownFileType = sourcecode.swift; path = SleepProgressBarView.swift; sourceTree = "<group>"; };
		DE8A8E5C835D0B2B658D31D2 /* Array+ScheduledSleepSession.swift */ = {isa = PBXFileReference; lastKnownFileType = sourcecode.swift; path = "Array+ScheduledSleepSession.swift"; sourceTree = "<group>"; };
		DED1E0DAB3316D9F1F8B9161 /* ProfileCalendarView.swift */ = {isa = PBXFileReference; lastKnownFileType = sourcecode.swift; path = ProfileCalendarView.swift; sourceTree = "<group>"; };
		DF3C18FF12BA2C884BA76DAB /* Info.plist */ = {isa = PBXFileReference; lastKnownFileType = text.plist; path = Info.plist; sourceTree = "<group>"; };
		EA81E6848B84B0E9CCE2DFD0 /* AddSleepView.swift */ = {isa = PBXFileReference; lastKnownFileType = sourcecode.swift; path = AddSleepView.swift; sourceTree = "<group>"; };
		EAA032C9EA4DFE18AA8C986C /* HourTimeView.swift */ = {isa = PBXFileReference; lastKnownFileType = sourcecode.swift; path = HourTimeView.swift; sourceTree = "<group>"; };
		EB3D28A13A5927B1CB0FDC39 /* ReducerProtocol.swift */ = {isa = PBXFileReference; lastKnownFileType = sourcecode.swift; path = ReducerProtocol.swift; sourceTree = "<group>"; };
		EBC6CE621B7CB6537876956D /* CalendarSeparator.swift */ = {isa = PBXFileReference; lastKnownFileType = sourcecode.swift; path = CalendarSeparator.swift; sourceTree = "<group>"; };
		F0BD63EB7797A7ACA9D521A5 /* gothamrnd_bold.otf */ = {isa = PBXFileReference; lastKnownFileType = file; path = gothamrnd_bold.otf; sourceTree = "<group>"; };
		F599A354988D46B94BD11680 /* Array+SleepSession.swift */ = {isa = PBXFileReference; lastKnownFileType = sourcecode.swift; path = "Array+SleepSession.swift"; sourceTree = "<group>"; };
		F88A675471CE52261C9CB41C /* ProfileKidListItemView.swift */ = {isa = PBXFileReference; lastKnownFileType = sourcecode.swift; path = ProfileKidListItemView.swift; sourceTree = "<group>"; };
		FBD72ED105B08974AC3FE821 /* mellow_iosUITestsLaunchTests.swift */ = {isa = PBXFileReference; lastKnownFileType = sourcecode.swift; path = mellow_iosUITestsLaunchTests.swift; sourceTree = "<group>"; };
		FF9B2947E66302347A8FB416 /* SleepTimePicker+ViewModel.swift */ = {isa = PBXFileReference; lastKnownFileType = sourcecode.swift; path = "SleepTimePicker+ViewModel.swift"; sourceTree = "<group>"; };
/* End PBXFileReference section */

/* Begin PBXFrameworksBuildPhase section */
		995C3D01F2DE1F56E2E1346C /* Frameworks */ = {
			isa = PBXFrameworksBuildPhase;
			buildActionMask = 2147483647;
			files = (
				2BC8618424D0D922AB6F2F83 /* SwiftlyBeautiful in Frameworks */,
			);
			runOnlyForDeploymentPostprocessing = 0;
		};
/* End PBXFrameworksBuildPhase section */

/* Begin PBXGroup section */
		060920F342AEB701FF71E341 = {
			isa = PBXGroup;
			children = (
				88789B599E17FCE5B3D62911 /* mellow-ios */,
				6853BA8EA2326D661AD48F5D /* mellow-iosTests */,
				E079C56B92684B5A13D3139E /* mellow-iosUITests */,
				8091D889DBE37180C7B832EB /* Products */,
			);
			sourceTree = "<group>";
		};
		1459650844ABFAB4E3E185B2 /* PlanView */ = {
			isa = PBXGroup;
			children = (
				B49A4A792F91B8B6F1AC1FD5 /* OnboardingView.swift */,
				EE9FBD72B1584A860F1B7494 /* Views */,
			);
			path = PlanView;
			sourceTree = "<group>";
		};
		19ADA3AEDFEB0840D4EF4EDF /* Tabs */ = {
			isa = PBXGroup;
			children = (
				98033F2B5C34BB2BD18427BC /* Componenets */,
				B805BCF272A30E1DD8FCF699 /* ProfileTab */,
				AD7D40E942190662F777B523 /* ScheduleTab */,
				757F9682C1B4F229B21780B0 /* TodayTab */,
			);
			path = Tabs;
			sourceTree = "<group>";
		};
		276E77896D2D49B956C66286 /* Componenets */ = {
			isa = PBXGroup;
			children = (
				DED1E0DAB3316D9F1F8B9161 /* ProfileCalendarView.swift */,
				8E2AE3A9107319C7B79508F1 /* ProfileCalendarViewModel.swift */,
				55E7EC9938E5AA20CFA58DAD /* ProfileHeaderView.swift */,
				710D8DDFCC5E32332E3A370A /* ProfileStatsView.swift */,
				9B6D9E825EEE07D6C8D45C2C /* ProfileKidsListView */,
			);
			path = Componenets;
			sourceTree = "<group>";
		};
		2D9E51CC8B8548B102BDC17C /* Componenets */ = {
			isa = PBXGroup;
			children = (
				7445EFD0D06C470301AD5852 /* DiagonalLines.swift */,
				9EEBD138441CA804BE5C1DE1 /* ProgressBar.swift */,
				3CEBE2E97A37A8A468537DA7 /* RoundedCorner.swift */,
				B96AE46CD76DEAFB011855C3 /* SleepSessionInProgressView.swift */,
				D6A18F6AF1B877332F4CEAB9 /* SubmitButton.swift */,
				DDF28918BB934C475374D6E7 /* PreferenceKeys */,
				9A42EF029D99032EFF17DB06 /* ViewModifiers */,
			);
			path = Componenets;
			sourceTree = "<group>";
		};
		32F03EC08A51641F32BC726B /* Componenets */ = {
			isa = PBXGroup;
			children = (
				8C4F034B2C4C102656891EFE /* AddSleepView */,
				9A8FBD306736A2E213D776A5 /* CalendarDayView */,
				CCA90B17F64D922388DB18C2 /* DayPickerBarView */,
			);
			path = Componenets;
			sourceTree = "<group>";
		};
		405357D94FD2C3BC939E296F /* SleepManager */ = {
			isa = PBXGroup;
			children = (
				DE8A8E5C835D0B2B658D31D2 /* Array+ScheduledSleepSession.swift */,
				B004137B860DC1656C28860D /* SleepManager.swift */,
			);
			path = SleepManager;
			sourceTree = "<group>";
		};
		41E0BAD22C28856A042A5AE0 /* models */ = {
			isa = PBXGroup;
			children = (
				38CF2327BB7E33ED2402A94A /* CalendarDayViewModel.swift */,
				0B50068E93465B5601AD9848 /* SleepSessionViewModel.swift */,
			);
			path = models;
			sourceTree = "<group>";
		};
		5437DAF624C694D8A9BCA5BD /* Resources */ = {
			isa = PBXGroup;
			children = (
				AED864378F9B69968538A32B /* Assets.xcassets */,
				8807007336B07A95BEB7FD53 /* Fonts */,
			);
			path = Resources;
			sourceTree = "<group>";
		};
		54E77C3CDDA706EB8E0CA36B /* Model */ = {
			isa = PBXGroup;
			children = (
				7F6CA0AF456608C84195BDAA /* SleepSessionViewRepresentation.swift */,
			);
			path = Model;
			sourceTree = "<group>";
		};
		56E8D8EE1C8E1FD3CE16C264 /* KidsStore */ = {
			isa = PBXGroup;
			children = (
				B1B620B86A83BF87BCA80FFA /* KidsStore.swift */,
				BF775712A5FD11EA4C058FF5 /* KidsStoreProtocol.swift */,
			);
			path = KidsStore;
			sourceTree = "<group>";
		};
		591FEB3DD7C67B3CC0939C5F /* RootView */ = {
			isa = PBXGroup;
			children = (
				C7709350749F8819EFC0CB34 /* RootView.swift */,
				4264B409EA806B619AB4C147 /* RootViewModel.swift */,
				19ADA3AEDFEB0840D4EF4EDF /* Tabs */,
			);
			path = RootView;
			sourceTree = "<group>";
		};
		6853BA8EA2326D661AD48F5D /* mellow-iosTests */ = {
			isa = PBXGroup;
			children = (
				C70D03D6E17B4D274949B1E5 /* mellow_iosTests.swift */,
			);
			path = "mellow-iosTests";
			sourceTree = "<group>";
		};
		6AA62F29287C94FEA0FA0EC9 /* SleepSessionStore */ = {
			isa = PBXGroup;
			children = (
				F599A354988D46B94BD11680 /* Array+SleepSession.swift */,
				2265D581F82E8C18A265A222 /* SleepSessionStore.swift */,
				469416541650B1606D3DB730 /* SleepSessionStoreProtocol.swift */,
			);
			path = SleepSessionStore;
			sourceTree = "<group>";
		};
		6C72D4428E6974259536BC7C /* Views */ = {
			isa = PBXGroup;
			children = (
				D35988C5853480431576329E /* ProfileView.swift */,
				A5A788C813B78E9C685AF13A /* ProfileSettingsView */,
			);
			path = Views;
			sourceTree = "<group>";
		};
		7121F69D140EC579FB95ADD5 /* Database */ = {
			isa = PBXGroup;
			children = (
				BD6D6A369FCBCA7272FEAF06 /* DatabaseService.swift */,
				BBF64F47AB1AD2B4AE6E908D /* Model */,
				B2C7B259DABE03813DAE65A4 /* Stores */,
			);
			path = Database;
			sourceTree = "<group>";
		};
		757F9682C1B4F229B21780B0 /* TodayTab */ = {
			isa = PBXGroup;
			children = (
				7C3DBE9E60D611195701B173 /* TodayTabView.swift */,
				9B5439D5C2F5B16E4BC82A6D /* TodayTabViewModel.swift */,
				B498726585C2440619DE0C18 /* Componenets */,
			);
			path = TodayTab;
			sourceTree = "<group>";
		};
		7C1297CAE4B064466476B2DE /* SleepTimePicker */ = {
			isa = PBXGroup;
			children = (
				8D9696BA9100704F15034635 /* SleepTimePicker.swift */,
				FF9B2947E66302347A8FB416 /* SleepTimePicker+ViewModel.swift */,
			);
			path = SleepTimePicker;
			sourceTree = "<group>";
		};
		8091D889DBE37180C7B832EB /* Products */ = {
			isa = PBXGroup;
			children = (
				8C9AA25AE38023F51D90945E /* mellow-ios.app */,
				32788E70EEE94896D86B0F39 /* mellow-iosTests.xctest */,
				DBBCDC9569BCBD5FEF60611A /* mellow-iosUITests.xctest */,
			);
			name = Products;
			sourceTree = "<group>";
		};
		8807007336B07A95BEB7FD53 /* Fonts */ = {
			isa = PBXGroup;
			children = (
				F0BD63EB7797A7ACA9D521A5 /* gothamrnd_bold.otf */,
				57B07AAA192145ACDFB43122 /* gothamrnd_light.otf */,
				2393E7764C82020338DC9C29 /* gothamrnd_medium.otf */,
			);
			path = Fonts;
			sourceTree = "<group>";
		};
		88083A4C3F5973D9A956BE11 /* Utils */ = {
			isa = PBXGroup;
			children = (
				60BA024D244C8B7577340E6B /* ModelContainer+inMemoryContainer.swift */,
			);
			path = Utils;
			sourceTree = "<group>";
		};
		88789B599E17FCE5B3D62911 /* mellow-ios */ = {
			isa = PBXGroup;
			children = (
				DF3C18FF12BA2C884BA76DAB /* Info.plist */,
				220192FFD3040057777EE2BF /* mellow_iosApp.swift */,
				C267BF5677A2213613718E27 /* Preview Content */,
				5437DAF624C694D8A9BCA5BD /* Resources */,
				C52FE9AA86D1FE85608C88F2 /* Services */,
				88083A4C3F5973D9A956BE11 /* Utils */,
				BE4B4BB75EFAA6BB672F1E0A /* Views */,
			);
			path = "mellow-ios";
			sourceTree = "<group>";
		};
		895DD57E205331568954D1D0 /* Utils */ = {
			isa = PBXGroup;
			children = (
				EB3D28A13A5927B1CB0FDC39 /* ReducerProtocol.swift */,
			);
			path = Utils;
			sourceTree = "<group>";
		};
		8C4F034B2C4C102656891EFE /* AddSleepView */ = {
			isa = PBXGroup;
			children = (
				EA81E6848B84B0E9CCE2DFD0 /* AddSleepView.swift */,
				BCF7D47E4AB474A1A9B2AFFD /* SubComponents */,
			);
			path = AddSleepView;
			sourceTree = "<group>";
		};
		8C6C657E987BD364AF2EF7DD /* SleepSession */ = {
			isa = PBXGroup;
			children = (
				B183351B187FAE72A55E9484 /* SleepSession.swift */,
				8FFBBE5BD7070BBAA188EC8B /* SleepSession+Factory.swift */,
				8ADAAB7E8C3C2E01A6C7AFB3 /* SleepSession+Validation.swift */,
			);
			path = SleepSession;
			sourceTree = "<group>";
		};
		976654877CAB72920EBD17E3 /* Kid */ = {
			isa = PBXGroup;
			children = (
				8B52D6C27D81800855A3BE5B /* Kid.swift */,
				B9B4F56FD384552A1466FAC0 /* Kid+Age.swift */,
			);
			path = Kid;
			sourceTree = "<group>";
		};
		98033F2B5C34BB2BD18427BC /* Componenets */ = {
			isa = PBXGroup;
			children = (
				662EF81402D59DDD5452221F /* GothamFont.swift */,
				6334B31A7B1C5237ABE8FF2E /* PageViewContent.swift */,
			);
			path = Componenets;
			sourceTree = "<group>";
		};
		9A42EF029D99032EFF17DB06 /* ViewModifiers */ = {
			isa = PBXGroup;
			children = (
				27EE1DE977629968B4BB0710 /* AppendSleepSessionInProgressViewModifier.swift */,
				BD984770DDA9B66217A16171 /* DatePickerColorViewModifier.swift */,
				D61CEF07C0AF8D4B2C3E3807 /* DimmedBackgroundViewModifier.swift */,
				1B99052A66ED05EEE8889537 /* GetDimensionsViewModifier.swift */,
				D8C719C6027AFC76AC7FFAD2 /* MeasureSizeViewModifier.swift */,
			);
			path = ViewModifiers;
			sourceTree = "<group>";
		};
		9A8FBD306736A2E213D776A5 /* CalendarDayView */ = {
			isa = PBXGroup;
			children = (
				915A396A40EA826E274DC8C6 /* CalendarDayView.swift */,
				7E139F488C3A449B6B9B6066 /* CalendarDayViewWithPager.swift */,
				EBC6CE621B7CB6537876956D /* CalendarSeparator.swift */,
				182A5719861858993F1E04CB /* CurrentTimeSeparatorView.swift */,
				AEC56CE0BD849E58C6C826E4 /* DayHourSlotView.swift */,
				EAA032C9EA4DFE18AA8C986C /* HourTimeView.swift */,
				09309FB05466CEEDB6044329 /* SleepSessionEntryView.swift */,
				41E0BAD22C28856A042A5AE0 /* models */,
			);
			path = CalendarDayView;
			sourceTree = "<group>";
		};
		9B6D9E825EEE07D6C8D45C2C /* ProfileKidsListView */ = {
			isa = PBXGroup;
			children = (
				F88A675471CE52261C9CB41C /* ProfileKidListItemView.swift */,
				0114EB40550A808EA0E644AB /* ProfileKidsListView.swift */,
			);
			path = ProfileKidsListView;
			sourceTree = "<group>";
		};
		A5A788C813B78E9C685AF13A /* ProfileSettingsView */ = {
			isa = PBXGroup;
			children = (
				62F01C87679FCF4E4FA070EF /* ProfileSettingsKidEditView.swift */,
				3C8D699B50BF73E6254F4388 /* ProfileSettingsView.swift */,
				5DFFE814CE1E74DF8BC4D274 /* ProfileSettingsView+KidRowView.swift */,
				DACCE02794ECCFC565177380 /* ProfileSettingsViewPreviewWrapper.swift */,
			);
			path = ProfileSettingsView;
			sourceTree = "<group>";
		};
		A776CADE3E0E3B0F20E831D6 /* States */ = {
			isa = PBXGroup;
			children = (
				53C903BA33CDA8BB7F58D855 /* OnboardingState.swift */,
			);
			path = States;
			sourceTree = "<group>";
		};
		A8144BCDB2056211355527DD /* IntroView */ = {
			isa = PBXGroup;
			children = (
				2C9B2E3A5A83499CC93ACF81 /* IntroView.swift */,
			);
			path = IntroView;
			sourceTree = "<group>";
		};
		AD7D40E942190662F777B523 /* ScheduleTab */ = {
			isa = PBXGroup;
			children = (
				872428B056F7C1B81B95839C /* ScheduleTabView.swift */,
				32F03EC08A51641F32BC726B /* Componenets */,
			);
			path = ScheduleTab;
			sourceTree = "<group>";
		};
		B2C7B259DABE03813DAE65A4 /* Stores */ = {
			isa = PBXGroup;
			children = (
				56E8D8EE1C8E1FD3CE16C264 /* KidsStore */,
				6AA62F29287C94FEA0FA0EC9 /* SleepSessionStore */,
			);
			path = Stores;
			sourceTree = "<group>";
		};
		B498726585C2440619DE0C18 /* Componenets */ = {
			isa = PBXGroup;
			children = (
				03EFF523C0AA112CF52B07C6 /* NextSleepView.swift */,
				9F6FC98EEC072F6AB07B2B8A /* SessionInfoView.swift */,
				DD492159544C431EAFB7847C /* SleepProgressBarView.swift */,
				07F0CC09251C4A5311CEFCC6 /* SleepScoreLockedView.swift */,
			);
			path = Componenets;
			sourceTree = "<group>";
		};
		B805BCF272A30E1DD8FCF699 /* ProfileTab */ = {
			isa = PBXGroup;
			children = (
				4F24C746174102EB9285A810 /* ProfileTabView.swift */,
				276E77896D2D49B956C66286 /* Componenets */,
				6C72D4428E6974259536BC7C /* Views */,
			);
			path = ProfileTab;
			sourceTree = "<group>";
		};
		BBF64F47AB1AD2B4AE6E908D /* Model */ = {
			isa = PBXGroup;
			children = (
				976654877CAB72920EBD17E3 /* Kid */,
				8C6C657E987BD364AF2EF7DD /* SleepSession */,
			);
			path = Model;
			sourceTree = "<group>";
		};
		BCF7D47E4AB474A1A9B2AFFD /* SubComponents */ = {
			isa = PBXGroup;
			children = (
				4967E0C8D5811F69C02660BF /* AddSleepHeader.swift */,
				CC63CD1112683904020F9763 /* AddSleepSessionDelete.swift */,
				DA32AE163D3E4B4779EDA552 /* AddSleepTimePickers.swift */,
				7C1297CAE4B064466476B2DE /* SleepTimePicker */,
			);
			path = SubComponents;
			sourceTree = "<group>";
		};
		BE4B4BB75EFAA6BB672F1E0A /* Views */ = {
			isa = PBXGroup;
			children = (
				5A9B16E98D483D49413AC8D1 /* ContentView.swift */,
				2D9E51CC8B8548B102BDC17C /* Componenets */,
				A8144BCDB2056211355527DD /* IntroView */,
				1459650844ABFAB4E3E185B2 /* PlanView */,
				591FEB3DD7C67B3CC0939C5F /* RootView */,
			);
			path = Views;
			sourceTree = "<group>";
		};
		C267BF5677A2213613718E27 /* Preview Content */ = {
			isa = PBXGroup;
			children = (
				85E0B354331CECF3867168BB /* Preview Assets.xcassets */,
			);
			path = "Preview Content";
			sourceTree = "<group>";
		};
		C52FE9AA86D1FE85608C88F2 /* Services */ = {
			isa = PBXGroup;
			children = (
				CC1ACE96FF3CC36CCDD106DA /* AppStateRedux */,
				7121F69D140EC579FB95ADD5 /* Database */,
				54E77C3CDDA706EB8E0CA36B /* Model */,
				405357D94FD2C3BC939E296F /* SleepManager */,
			);
			path = Services;
			sourceTree = "<group>";
		};
		CC1ACE96FF3CC36CCDD106DA /* AppStateRedux */ = {
			isa = PBXGroup;
			children = (
				52EDA87DE878ED645844A53B /* AppState.swift */,
				60C1B7FA4FC78224FB28281D /* AppState+Debug.swift */,
				A776CADE3E0E3B0F20E831D6 /* States */,
				895DD57E205331568954D1D0 /* Utils */,
			);
			path = AppStateRedux;
			sourceTree = "<group>";
		};
		CCA90B17F64D922388DB18C2 /* DayPickerBarView */ = {
			isa = PBXGroup;
			children = (
				CE1AFCCBA8821970DF4F0B05 /* Date+Extensions.swift */,
				7BE54124530CA47A7419694E /* DayPickerBarCollectionView.swift */,
				39657F47EEBBB0056544061E /* DayPickerBarCollectionView+Cell.swift */,
				8C8C76EB5A9A56AE98D8DF73 /* DayPickerBarView.swift */,
				1778D68082D92A25F2F30914 /* DayPickerBarViewRepresentable.swift */,
			);
			path = DayPickerBarView;
			sourceTree = "<group>";
		};
		DDF28918BB934C475374D6E7 /* PreferenceKeys */ = {
			isa = PBXGroup;
			children = (
				84BF585FF2A9B2B298363BB4 /* SleepSessionInProgressHeightPreferenceKey.swift */,
			);
			path = PreferenceKeys;
			sourceTree = "<group>";
		};
		E079C56B92684B5A13D3139E /* mellow-iosUITests */ = {
			isa = PBXGroup;
			children = (
				3B4A6D40BE6A37C26DEF8D52 /* mellow_iosUITests.swift */,
				FBD72ED105B08974AC3FE821 /* mellow_iosUITestsLaunchTests.swift */,
			);
			path = "mellow-iosUITests";
			sourceTree = "<group>";
		};
		EE9FBD72B1584A860F1B7494 /* Views */ = {
			isa = PBXGroup;
			children = (
				6039044B5921A5E7D37B98D0 /* OnboardingCompletedView.swift */,
				50CED2265A99DEBC422C9261 /* PlanDateInputView.swift */,
				157F3813AD891E2DCED2C959 /* PlanPromptView.swift */,
				742C0671CD9391CE8B76E976 /* PlanQuestionView.swift */,
				456204C6B1639CAE5823842A /* PlanTextInputView.swift */,
			);
			path = Views;
			sourceTree = "<group>";
		};
/* End PBXGroup section */

/* Begin PBXNativeTarget section */
		A439D3C15AA3C8B703565EDE /* mellow-iosUITests */ = {
			isa = PBXNativeTarget;
			buildConfigurationList = F2C0FBB559488ECA6058986D /* Build configuration list for PBXNativeTarget "mellow-iosUITests" */;
			buildPhases = (
				EF9EB48645E2C5303BAC1A92 /* Sources */,
			);
			buildRules = (
			);
			dependencies = (
				6A17A5ED053A26368020F4DC /* PBXTargetDependency */,
			);
			name = "mellow-iosUITests";
			productName = "mellow-iosUITests";
			productReference = DBBCDC9569BCBD5FEF60611A /* mellow-iosUITests.xctest */;
			productType = "com.apple.product-type.bundle.ui-testing";
		};
		D6F0B215EB100529C4ECCFCE /* mellow-iosTests */ = {
			isa = PBXNativeTarget;
			buildConfigurationList = 5561D70C235BD222642962C8 /* Build configuration list for PBXNativeTarget "mellow-iosTests" */;
			buildPhases = (
				807EE29ED020595020A8C6E8 /* Sources */,
			);
			buildRules = (
			);
			dependencies = (
				DECC98988A946C043754527E /* PBXTargetDependency */,
			);
			name = "mellow-iosTests";
			productName = "mellow-iosTests";
			productReference = 32788E70EEE94896D86B0F39 /* mellow-iosTests.xctest */;
			productType = "com.apple.product-type.bundle.unit-test";
		};
		F2016A8B48D1A266064AA7E3 /* mellow-ios */ = {
			isa = PBXNativeTarget;
			buildConfigurationList = EF87928AB6543C2EBED75F4C /* Build configuration list for PBXNativeTarget "mellow-ios" */;
			buildPhases = (
				A24BB1348C27D3DE4143E253 /* Sources */,
				C0583ABADBBC11682C7FA40A /* Resources */,
				995C3D01F2DE1F56E2E1346C /* Frameworks */,
			);
			buildRules = (
			);
			dependencies = (
			);
			name = "mellow-ios";
			packageProductDependencies = (
				98848C4539B7EDDDA9DD8766 /* SwiftlyBeautiful */,
			);
			productName = "mellow-ios";
			productReference = 8C9AA25AE38023F51D90945E /* mellow-ios.app */;
			productType = "com.apple.product-type.application";
		};
/* End PBXNativeTarget section */

/* Begin PBXProject section */
		AF277E41AE1BAF52D5A3DB46 /* Project object */ = {
			isa = PBXProject;
			attributes = {
				BuildIndependentTargetsInParallel = YES;
				LastUpgradeCheck = 1430;
				TargetAttributes = {
					A439D3C15AA3C8B703565EDE = {
						DevelopmentTeam = DRU4XTX272;
						ProvisioningStyle = Automatic;
						TestTargetID = F2016A8B48D1A266064AA7E3;
					};
					D6F0B215EB100529C4ECCFCE = {
						DevelopmentTeam = DRU4XTX272;
						ProvisioningStyle = Automatic;
					};
					F2016A8B48D1A266064AA7E3 = {
						DevelopmentTeam = DRU4XTX272;
						ProvisioningStyle = Automatic;
					};
				};
			};
			buildConfigurationList = 97C14292A7FDC08A55B40471 /* Build configuration list for PBXProject "mellow-ios" */;
			compatibilityVersion = "Xcode 14.0";
			developmentRegion = en;
			hasScannedForEncodings = 0;
			knownRegions = (
				Base,
				en,
			);
			mainGroup = 060920F342AEB701FF71E341;
			packageReferences = (
				492123BAD05F9169EC7B6DE0 /* XCRemoteSwiftPackageReference "SwiftlyBeautiful" */,
			);
			projectDirPath = "";
			projectRoot = "";
			targets = (
				F2016A8B48D1A266064AA7E3 /* mellow-ios */,
				D6F0B215EB100529C4ECCFCE /* mellow-iosTests */,
				A439D3C15AA3C8B703565EDE /* mellow-iosUITests */,
			);
		};
/* End PBXProject section */

/* Begin PBXResourcesBuildPhase section */
		C0583ABADBBC11682C7FA40A /* Resources */ = {
			isa = PBXResourcesBuildPhase;
			buildActionMask = 2147483647;
			files = (
				098D84495A917A49950D21DD /* Assets.xcassets in Resources */,
				645A25EFE366EAC23183CB27 /* Preview Assets.xcassets in Resources */,
				2CC91433A59FCFACEB6C7FC4 /* gothamrnd_bold.otf in Resources */,
				2C2BA9403FC1A28F9E438D8B /* gothamrnd_light.otf in Resources */,
				9F7273B4EEE0ED64323EB03F /* gothamrnd_medium.otf in Resources */,
			);
			runOnlyForDeploymentPostprocessing = 0;
		};
/* End PBXResourcesBuildPhase section */

/* Begin PBXSourcesBuildPhase section */
		807EE29ED020595020A8C6E8 /* Sources */ = {
			isa = PBXSourcesBuildPhase;
			buildActionMask = 2147483647;
			files = (
				9B100ED6A3B61F1E12BB1B1D /* mellow_iosTests.swift in Sources */,
			);
			runOnlyForDeploymentPostprocessing = 0;
		};
		A24BB1348C27D3DE4143E253 /* Sources */ = {
			isa = PBXSourcesBuildPhase;
			buildActionMask = 2147483647;
			files = (
				6930E6C1DF0E6C56A7B3A0A8 /* AddSleepHeader.swift in Sources */,
				79D2DBF5686DC71E932FB20A /* AddSleepSessionDelete.swift in Sources */,
				E513B7237E18715DB3BF989C /* AddSleepTimePickers.swift in Sources */,
				21CBAD0FDB23B3BB9A1188F0 /* AddSleepView.swift in Sources */,
				134382B75391F4B87C8879B6 /* AppState+Debug.swift in Sources */,
				60531454ACF879177A10DA95 /* AppState.swift in Sources */,
				8DD1CB128B1B2D543AC72055 /* AppendSleepSessionInProgressViewModifier.swift in Sources */,
				D2E74695463175643A9ABE3E /* Array+ScheduledSleepSession.swift in Sources */,
				4F861906A42011FCA40129FE /* Array+SleepSession.swift in Sources */,
				F340010D708F15C505404BD9 /* CalendarDayView.swift in Sources */,
				EC81B467697BC6FE6E7B6B17 /* CalendarDayViewModel.swift in Sources */,
				5D91F0A1CD144F0205065F69 /* CalendarDayViewWithPager.swift in Sources */,
				6BE866474DA149120B497520 /* CalendarSeparator.swift in Sources */,
				BC7D21E423155AC9735BB461 /* ContentView.swift in Sources */,
				ABAFEF96FEADB0A49F8B4ECC /* CurrentTimeSeparatorView.swift in Sources */,
				C33D2FEE7C67DDE1E32D9570 /* DatabaseService.swift in Sources */,
				5B09CE37DD3EE9DAAAF298D5 /* Date+Extensions.swift in Sources */,
				25C140B6E3D6F422008857E1 /* DatePickerColorViewModifier.swift in Sources */,
				E1A95FE2634CBB26552AD862 /* DayHourSlotView.swift in Sources */,
				EA4E347C9A779F6436031A79 /* DayPickerBarCollectionView+Cell.swift in Sources */,
				C3BF7F9303BD8D0C4CAC15AD /* DayPickerBarCollectionView.swift in Sources */,
				C96CA8390B86F2F07DA78D9D /* DayPickerBarView.swift in Sources */,
				376B7E53542FCAD715C96C7F /* DayPickerBarViewRepresentable.swift in Sources */,
				0BD9151D08E5B193A4C1732A /* DiagonalLines.swift in Sources */,
				58F1D2299DBD84D43A8BC8A4 /* DimmedBackgroundViewModifier.swift in Sources */,
				00075FFA95E938133B1DB24A /* GetDimensionsViewModifier.swift in Sources */,
				1EE182732489D4D41406E259 /* GothamFont.swift in Sources */,
				13EAE6BFA75E88EF47980057 /* HourTimeView.swift in Sources */,
				513D1091E04C334A6F8A4EE9 /* IntroView.swift in Sources */,
				806A4060CEB7299FA9339B69 /* Kid+Age.swift in Sources */,
				20E54E92926AFF966CACB09F /* Kid.swift in Sources */,
				5CC1E0670974D2A362B42ABF /* KidsStore.swift in Sources */,
				8F02CCC778AA82B2AB7CA119 /* KidsStoreProtocol.swift in Sources */,
				B1FD69B60B78C2216F94F7C1 /* MeasureSizeViewModifier.swift in Sources */,
				20DDBE94C49D2666CE8FEEB9 /* ModelContainer+inMemoryContainer.swift in Sources */,
				CFF209CBC6768F3D4F197686 /* NextSleepView.swift in Sources */,
				B0477384323C582D1994F9EE /* OnboardingCompletedView.swift in Sources */,
				BD68E7935AD9D81F9CA6A9D4 /* OnboardingState.swift in Sources */,
				73F01405F6645ED2841CB89B /* OnboardingView.swift in Sources */,
				763EE04549CBD15DB92EB786 /* PageViewContent.swift in Sources */,
				E9C052FBBD860FF0E232CAF1 /* PlanDateInputView.swift in Sources */,
				94C3818EA676F2309AD4C985 /* PlanPromptView.swift in Sources */,
				95EE0D839EF1D68D12B4B34D /* PlanQuestionView.swift in Sources */,
				D53D57841B8C6EAD24EBA2AE /* PlanTextInputView.swift in Sources */,
				C35341502BBBDC517ED558D9 /* ProfileCalendarView.swift in Sources */,
				29510E3D657B3FD04709F622 /* ProfileCalendarViewModel.swift in Sources */,
				F06F1D471D23506D0E65ACD9 /* ProfileHeaderView.swift in Sources */,
				2461DC415393FD246437E268 /* ProfileKidListItemView.swift in Sources */,
				7469472A5313DD8092D8BCD2 /* ProfileKidsListView.swift in Sources */,
				B2F962484D72F9EDC25B223E /* ProfileSettingsKidEditView.swift in Sources */,
				01A2B7D50EA44CEC83EF9472 /* ProfileSettingsView+KidRowView.swift in Sources */,
				62B5CEED23C06D94499986FC /* ProfileSettingsView.swift in Sources */,
				F1372E044257CC18DDDDC04C /* ProfileSettingsViewPreviewWrapper.swift in Sources */,
				7DD3C9244ABD17C49AF18374 /* ProfileStatsView.swift in Sources */,
				02B52C8751DD0ED7300D8078 /* ProfileTabView.swift in Sources */,
				57D268298544A0F9F3415F03 /* ProfileView.swift in Sources */,
				20270D642EB5318C85FF3924 /* ProgressBar.swift in Sources */,
				FD0079466FC0B99305D398C2 /* ReducerProtocol.swift in Sources */,
				595D63D7104715FFDB5F32AB /* RootView.swift in Sources */,
				5308253D64B63685B351081E /* RootViewModel.swift in Sources */,
				88FC05784D5597FC3D722A3A /* RoundedCorner.swift in Sources */,
				C2E69CB2003CD9A9F4791BD9 /* ScheduleTabView.swift in Sources */,
				F050E9C5F425251B1A8C11BD /* SessionInfoView.swift in Sources */,
				3E45B033DC8AD5D2E7A24552 /* SleepManager.swift in Sources */,
				3D4D5CEB82E789B88A0C6716 /* SleepProgressBarView.swift in Sources */,
				D48B6526A25E2D45D7D1619D /* SleepScoreLockedView.swift in Sources */,
				F3647138125E5DC62706E574 /* SleepSession+Factory.swift in Sources */,
				66F72DD82820DC781D054D6A /* SleepSession+Validation.swift in Sources */,
				0DEA15718CEA3EAA6FDBBC55 /* SleepSession.swift in Sources */,
				1BD91673BEE3568CAE9C5FDC /* SleepSessionEntryView.swift in Sources */,
				B288A584ED452E79E95C1F5F /* SleepSessionInProgressHeightPreferenceKey.swift in Sources */,
				A2F751299D4A42D8E5E76D62 /* SleepSessionInProgressView.swift in Sources */,
				2786C2D190E579EA8B0B6A5A /* SleepSessionStore.swift in Sources */,
				D0F01A7467B9324D7DA5D829 /* SleepSessionStoreProtocol.swift in Sources */,
				2EBB7B3E74A45D78E5304CAC /* SleepSessionViewModel.swift in Sources */,
				2E8DBB39662C19CF54A8C1AF /* SleepSessionViewRepresentation.swift in Sources */,
				72C49868BB63C206E4F3F7CB /* SleepTimePicker+ViewModel.swift in Sources */,
				5DFA5C686E162F9CC8F639F7 /* SleepTimePicker.swift in Sources */,
				3755B063A5503985931C48DA /* SubmitButton.swift in Sources */,
				0A35914E7CA16E7FE87CB67A /* TodayTabView.swift in Sources */,
				DB33571B434126379B92FDA0 /* TodayTabViewModel.swift in Sources */,
				B4412B7C6CB5E93CE2030B05 /* mellow_iosApp.swift in Sources */,
			);
			runOnlyForDeploymentPostprocessing = 0;
		};
		EF9EB48645E2C5303BAC1A92 /* Sources */ = {
			isa = PBXSourcesBuildPhase;
			buildActionMask = 2147483647;
			files = (
				423AAF5B84EC4F5256434B13 /* mellow_iosUITests.swift in Sources */,
				486D83020652C03C35C029A9 /* mellow_iosUITestsLaunchTests.swift in Sources */,
			);
			runOnlyForDeploymentPostprocessing = 0;
		};
/* End PBXSourcesBuildPhase section */

/* Begin PBXTargetDependency section */
		6A17A5ED053A26368020F4DC /* PBXTargetDependency */ = {
			isa = PBXTargetDependency;
			target = F2016A8B48D1A266064AA7E3 /* mellow-ios */;
			targetProxy = 76CAB35898546A614E508D6C /* PBXContainerItemProxy */;
		};
		DECC98988A946C043754527E /* PBXTargetDependency */ = {
			isa = PBXTargetDependency;
			target = F2016A8B48D1A266064AA7E3 /* mellow-ios */;
			targetProxy = FF42979317300D025B1FAFF3 /* PBXContainerItemProxy */;
		};
/* End PBXTargetDependency section */

/* Begin XCBuildConfiguration section */
		220D015644F806D0B177E49F /* Release */ = {
			isa = XCBuildConfiguration;
			buildSettings = {
				ALWAYS_SEARCH_USER_PATHS = NO;
				CLANG_ANALYZER_NONNULL = YES;
				CLANG_ANALYZER_NUMBER_OBJECT_CONVERSION = YES_AGGRESSIVE;
				CLANG_CXX_LANGUAGE_STANDARD = "gnu++14";
				CLANG_CXX_LIBRARY = "libc++";
				CLANG_ENABLE_MODULES = YES;
				CLANG_ENABLE_OBJC_ARC = YES;
				CLANG_ENABLE_OBJC_WEAK = YES;
				CLANG_WARN_BLOCK_CAPTURE_AUTORELEASING = YES;
				CLANG_WARN_BOOL_CONVERSION = YES;
				CLANG_WARN_COMMA = YES;
				CLANG_WARN_CONSTANT_CONVERSION = YES;
				CLANG_WARN_DEPRECATED_OBJC_IMPLEMENTATIONS = YES;
				CLANG_WARN_DIRECT_OBJC_ISA_USAGE = YES_ERROR;
				CLANG_WARN_DOCUMENTATION_COMMENTS = YES;
				CLANG_WARN_EMPTY_BODY = YES;
				CLANG_WARN_ENUM_CONVERSION = YES;
				CLANG_WARN_INFINITE_RECURSION = YES;
				CLANG_WARN_INT_CONVERSION = YES;
				CLANG_WARN_NON_LITERAL_NULL_CONVERSION = YES;
				CLANG_WARN_OBJC_IMPLICIT_RETAIN_SELF = YES;
				CLANG_WARN_OBJC_LITERAL_CONVERSION = YES;
				CLANG_WARN_OBJC_ROOT_CLASS = YES_ERROR;
				CLANG_WARN_QUOTED_INCLUDE_IN_FRAMEWORK_HEADER = YES;
				CLANG_WARN_RANGE_LOOP_ANALYSIS = YES;
				CLANG_WARN_STRICT_PROTOTYPES = YES;
				CLANG_WARN_SUSPICIOUS_MOVE = YES;
				CLANG_WARN_UNGUARDED_AVAILABILITY = YES_AGGRESSIVE;
				CLANG_WARN_UNREACHABLE_CODE = YES;
				CLANG_WARN__DUPLICATE_METHOD_MATCH = YES;
				COPY_PHASE_STRIP = NO;
				DEBUG_INFORMATION_FORMAT = "dwarf-with-dsym";
				ENABLE_NS_ASSERTIONS = NO;
				ENABLE_STRICT_OBJC_MSGSEND = YES;
				GCC_C_LANGUAGE_STANDARD = gnu11;
				GCC_NO_COMMON_BLOCKS = YES;
				GCC_WARN_64_TO_32_BIT_CONVERSION = YES;
				GCC_WARN_ABOUT_RETURN_TYPE = YES_ERROR;
				GCC_WARN_UNDECLARED_SELECTOR = YES;
				GCC_WARN_UNINITIALIZED_AUTOS = YES_AGGRESSIVE;
				GCC_WARN_UNUSED_FUNCTION = YES;
				GCC_WARN_UNUSED_VARIABLE = YES;
				IPHONEOS_DEPLOYMENT_TARGET = 17.5;
				MTL_ENABLE_DEBUG_INFO = NO;
				MTL_FAST_MATH = YES;
				PRODUCT_NAME = "$(TARGET_NAME)";
				SDKROOT = iphoneos;
				SWIFT_COMPILATION_MODE = wholemodule;
				SWIFT_OPTIMIZATION_LEVEL = "-O";
				SWIFT_VERSION = 5.0;
			};
			name = Release;
		};
		51D03AC6C89BD60374B91439 /* Release */ = {
			isa = XCBuildConfiguration;
			buildSettings = {
				BUNDLE_LOADER = "$(TEST_HOST)";
				CODE_SIGN_STYLE = Automatic;
				DEVELOPMENT_TEAM = DRU4XTX272;
				GENERATE_INFOPLIST_FILE = YES;
				LD_RUNPATH_SEARCH_PATHS = (
					"$(inherited)",
					"@executable_path/Frameworks",
					"@loader_path/Frameworks",
				);
				PRODUCT_BUNDLE_IDENTIFIER = "com.growgenie.mellow-iosTests";
				SDKROOT = iphoneos;
				SWIFT_VERSION = 5.0;
				TARGETED_DEVICE_FAMILY = "1,2";
				TEST_HOST = "$(BUILT_PRODUCTS_DIR)/mellow-ios.app/mellow-ios";
			};
			name = Release;
		};
		61D6ECF0E121278960DE1A23 /* Debug */ = {
			isa = XCBuildConfiguration;
			buildSettings = {
				ALWAYS_SEARCH_USER_PATHS = NO;
				CLANG_ANALYZER_NONNULL = YES;
				CLANG_ANALYZER_NUMBER_OBJECT_CONVERSION = YES_AGGRESSIVE;
				CLANG_CXX_LANGUAGE_STANDARD = "gnu++14";
				CLANG_CXX_LIBRARY = "libc++";
				CLANG_ENABLE_MODULES = YES;
				CLANG_ENABLE_OBJC_ARC = YES;
				CLANG_ENABLE_OBJC_WEAK = YES;
				CLANG_WARN_BLOCK_CAPTURE_AUTORELEASING = YES;
				CLANG_WARN_BOOL_CONVERSION = YES;
				CLANG_WARN_COMMA = YES;
				CLANG_WARN_CONSTANT_CONVERSION = YES;
				CLANG_WARN_DEPRECATED_OBJC_IMPLEMENTATIONS = YES;
				CLANG_WARN_DIRECT_OBJC_ISA_USAGE = YES_ERROR;
				CLANG_WARN_DOCUMENTATION_COMMENTS = YES;
				CLANG_WARN_EMPTY_BODY = YES;
				CLANG_WARN_ENUM_CONVERSION = YES;
				CLANG_WARN_INFINITE_RECURSION = YES;
				CLANG_WARN_INT_CONVERSION = YES;
				CLANG_WARN_NON_LITERAL_NULL_CONVERSION = YES;
				CLANG_WARN_OBJC_IMPLICIT_RETAIN_SELF = YES;
				CLANG_WARN_OBJC_LITERAL_CONVERSION = YES;
				CLANG_WARN_OBJC_ROOT_CLASS = YES_ERROR;
				CLANG_WARN_QUOTED_INCLUDE_IN_FRAMEWORK_HEADER = YES;
				CLANG_WARN_RANGE_LOOP_ANALYSIS = YES;
				CLANG_WARN_STRICT_PROTOTYPES = YES;
				CLANG_WARN_SUSPICIOUS_MOVE = YES;
				CLANG_WARN_UNGUARDED_AVAILABILITY = YES_AGGRESSIVE;
				CLANG_WARN_UNREACHABLE_CODE = YES;
				CLANG_WARN__DUPLICATE_METHOD_MATCH = YES;
				COPY_PHASE_STRIP = NO;
				DEBUG_INFORMATION_FORMAT = dwarf;
				ENABLE_STRICT_OBJC_MSGSEND = YES;
				ENABLE_TESTABILITY = YES;
				GCC_C_LANGUAGE_STANDARD = gnu11;
				GCC_DYNAMIC_NO_PIC = NO;
				GCC_NO_COMMON_BLOCKS = YES;
				GCC_OPTIMIZATION_LEVEL = 0;
				GCC_PREPROCESSOR_DEFINITIONS = (
					"$(inherited)",
					"DEBUG=1",
				);
				GCC_WARN_64_TO_32_BIT_CONVERSION = YES;
				GCC_WARN_ABOUT_RETURN_TYPE = YES_ERROR;
				GCC_WARN_UNDECLARED_SELECTOR = YES;
				GCC_WARN_UNINITIALIZED_AUTOS = YES_AGGRESSIVE;
				GCC_WARN_UNUSED_FUNCTION = YES;
				GCC_WARN_UNUSED_VARIABLE = YES;
				IPHONEOS_DEPLOYMENT_TARGET = 17.5;
				MTL_ENABLE_DEBUG_INFO = INCLUDE_SOURCE;
				MTL_FAST_MATH = YES;
				ONLY_ACTIVE_ARCH = YES;
				PRODUCT_NAME = "$(TARGET_NAME)";
				SDKROOT = iphoneos;
				SWIFT_ACTIVE_COMPILATION_CONDITIONS = DEBUG;
				SWIFT_OPTIMIZATION_LEVEL = "-Onone";
				SWIFT_VERSION = 5.0;
			};
			name = Debug;
		};
		A788859815322EB2504D7643 /* Debug */ = {
			isa = XCBuildConfiguration;
			buildSettings = {
				BUNDLE_LOADER = "$(TEST_HOST)";
				CODE_SIGN_STYLE = Automatic;
				DEVELOPMENT_TEAM = DRU4XTX272;
				GENERATE_INFOPLIST_FILE = YES;
				LD_RUNPATH_SEARCH_PATHS = (
					"$(inherited)",
					"@executable_path/Frameworks",
					"@loader_path/Frameworks",
				);
				PRODUCT_BUNDLE_IDENTIFIER = "com.growgenie.mellow-iosTests";
				SDKROOT = iphoneos;
				SWIFT_VERSION = 5.0;
				TARGETED_DEVICE_FAMILY = "1,2";
				TEST_HOST = "$(BUILT_PRODUCTS_DIR)/mellow-ios.app/mellow-ios";
			};
			name = Debug;
		};
		A907C97F41AA19693B9B8D02 /* Debug */ = {
			isa = XCBuildConfiguration;
			buildSettings = {
				ASSETCATALOG_COMPILER_APPICON_NAME = AppIcon;
				ASSETCATALOG_COMPILER_GENERATE_ASSET_SYMBOLS = YES;
				ASSETCATALOG_COMPILER_GENERATE_SWIFT_ASSET_SYMBOL_EXTENSIONS = YES;
				CODE_SIGN_IDENTITY = "iPhone Developer";
				CODE_SIGN_STYLE = Automatic;
				CURRENT_PROJECT_VERSION = 42;
				DEVELOPMENT_TEAM = DRU4XTX272;
				ENABLE_PREVIEWS = YES;
				GENERATE_INFOPLIST_FILE = YES;
				INFOPLIST_FILE = "mellow-ios/Info.plist";
				LD_RUNPATH_SEARCH_PATHS = (
					"$(inherited)",
					"@executable_path/Frameworks",
				);
				MARKETING_VERSION = 1.1;
				PRODUCT_BUNDLE_IDENTIFIER = "com.growgenie.mellow-ios";
				SDKROOT = iphoneos;
				SWIFT_VERSION = 5.0;
				TARGETED_DEVICE_FAMILY = "1,2";
			};
			name = Debug;
		};
		B0B44F2D494A6F4BB02DDE35 /* Release */ = {
			isa = XCBuildConfiguration;
			buildSettings = {
				BUNDLE_LOADER = "$(TEST_HOST)";
				CODE_SIGN_STYLE = Automatic;
				DEVELOPMENT_TEAM = DRU4XTX272;
				GENERATE_INFOPLIST_FILE = YES;
				LD_RUNPATH_SEARCH_PATHS = (
					"$(inherited)",
					"@executable_path/Frameworks",
					"@loader_path/Frameworks",
				);
				PRODUCT_BUNDLE_IDENTIFIER = "com.growgenie.mellow-iosUITests";
				SDKROOT = iphoneos;
				SWIFT_VERSION = 5.0;
				TARGETED_DEVICE_FAMILY = "1,2";
				TEST_TARGET_NAME = "mellow-ios";
			};
			name = Release;
		};
		B563F4E5A8618E38397899A0 /* Debug */ = {
			isa = XCBuildConfiguration;
			buildSettings = {
				BUNDLE_LOADER = "$(TEST_HOST)";
				CODE_SIGN_STYLE = Automatic;
				DEVELOPMENT_TEAM = DRU4XTX272;
				GENERATE_INFOPLIST_FILE = YES;
				LD_RUNPATH_SEARCH_PATHS = (
					"$(inherited)",
					"@executable_path/Frameworks",
					"@loader_path/Frameworks",
				);
				PRODUCT_BUNDLE_IDENTIFIER = "com.growgenie.mellow-iosUITests";
				SDKROOT = iphoneos;
				SWIFT_VERSION = 5.0;
				TARGETED_DEVICE_FAMILY = "1,2";
				TEST_TARGET_NAME = "mellow-ios";
			};
			name = Debug;
		};
		E7779386D0FA860EA2AF4DBE /* Release */ = {
			isa = XCBuildConfiguration;
			buildSettings = {
				ASSETCATALOG_COMPILER_APPICON_NAME = AppIcon;
				ASSETCATALOG_COMPILER_GENERATE_ASSET_SYMBOLS = YES;
				ASSETCATALOG_COMPILER_GENERATE_SWIFT_ASSET_SYMBOL_EXTENSIONS = YES;
				CODE_SIGN_IDENTITY = "iPhone Developer";
				CODE_SIGN_STYLE = Automatic;
				CURRENT_PROJECT_VERSION = 42;
				DEVELOPMENT_TEAM = DRU4XTX272;
				ENABLE_PREVIEWS = YES;
				GENERATE_INFOPLIST_FILE = YES;
				INFOPLIST_FILE = "mellow-ios/Info.plist";
				LD_RUNPATH_SEARCH_PATHS = (
					"$(inherited)",
					"@executable_path/Frameworks",
				);
				MARKETING_VERSION = 1.1;
				PRODUCT_BUNDLE_IDENTIFIER = "com.growgenie.mellow-ios";
				SDKROOT = iphoneos;
				SWIFT_VERSION = 5.0;
				TARGETED_DEVICE_FAMILY = "1,2";
			};
			name = Release;
		};
/* End XCBuildConfiguration section */

/* Begin XCConfigurationList section */
		5561D70C235BD222642962C8 /* Build configuration list for PBXNativeTarget "mellow-iosTests" */ = {
			isa = XCConfigurationList;
			buildConfigurations = (
				A788859815322EB2504D7643 /* Debug */,
				51D03AC6C89BD60374B91439 /* Release */,
			);
			defaultConfigurationIsVisible = 0;
			defaultConfigurationName = Debug;
		};
		97C14292A7FDC08A55B40471 /* Build configuration list for PBXProject "mellow-ios" */ = {
			isa = XCConfigurationList;
			buildConfigurations = (
				61D6ECF0E121278960DE1A23 /* Debug */,
				220D015644F806D0B177E49F /* Release */,
			);
			defaultConfigurationIsVisible = 0;
			defaultConfigurationName = Debug;
		};
		EF87928AB6543C2EBED75F4C /* Build configuration list for PBXNativeTarget "mellow-ios" */ = {
			isa = XCConfigurationList;
			buildConfigurations = (
				A907C97F41AA19693B9B8D02 /* Debug */,
				E7779386D0FA860EA2AF4DBE /* Release */,
			);
			defaultConfigurationIsVisible = 0;
			defaultConfigurationName = Debug;
		};
		F2C0FBB559488ECA6058986D /* Build configuration list for PBXNativeTarget "mellow-iosUITests" */ = {
			isa = XCConfigurationList;
			buildConfigurations = (
				B563F4E5A8618E38397899A0 /* Debug */,
				B0B44F2D494A6F4BB02DDE35 /* Release */,
			);
			defaultConfigurationIsVisible = 0;
			defaultConfigurationName = Debug;
		};
/* End XCConfigurationList section */

/* Begin XCRemoteSwiftPackageReference section */
		492123BAD05F9169EC7B6DE0 /* XCRemoteSwiftPackageReference "SwiftlyBeautiful" */ = {
			isa = XCRemoteSwiftPackageReference;
			repositoryURL = "https://github.com/ltomaszewski/SwiftlyBeautiful";
			requirement = {
				branch = master;
				kind = branch;
			};
		};
/* End XCRemoteSwiftPackageReference section */

/* Begin XCSwiftPackageProductDependency section */
		98848C4539B7EDDDA9DD8766 /* SwiftlyBeautiful */ = {
			isa = XCSwiftPackageProductDependency;
			package = 492123BAD05F9169EC7B6DE0 /* XCRemoteSwiftPackageReference "SwiftlyBeautiful" */;
			productName = SwiftlyBeautiful;
		};
/* End XCSwiftPackageProductDependency section */
	};
	rootObject = AF277E41AE1BAF52D5A3DB46 /* Project object */;
}
