// !$*UTF8*$!
{
	archiveVersion = 1;
	classes = {
	};
	objectVersion = 56;
	objects = {

/* Begin PBXBuildFile section */
		6D183C872C6BB95C00E41F93 /* mellow_iosApp.swift in Sources */ = {isa = PBXBuildFile; fileRef = 6D183C862C6BB95C00E41F93 /* mellow_iosApp.swift */; };
		6D183C8D2C6BB95D00E41F93 /* Assets.xcassets in Resources */ = {isa = PBXBuildFile; fileRef = 6D183C8C2C6BB95D00E41F93 /* Assets.xcassets */; };
		6D183C902C6BB95D00E41F93 /* Preview Assets.xcassets in Resources */ = {isa = PBXBuildFile; fileRef = 6D183C8F2C6BB95D00E41F93 /* Preview Assets.xcassets */; };
		6D183C9A2C6BB95D00E41F93 /* mellow_iosTests.swift in Sources */ = {isa = PBXBuildFile; fileRef = 6D183C992C6BB95D00E41F93 /* mellow_iosTests.swift */; };
		6D183CA42C6BB95D00E41F93 /* mellow_iosUITests.swift in Sources */ = {isa = PBXBuildFile; fileRef = 6D183CA32C6BB95D00E41F93 /* mellow_iosUITests.swift */; };
		6D183CA62C6BB95D00E41F93 /* mellow_iosUITestsLaunchTests.swift in Sources */ = {isa = PBXBuildFile; fileRef = 6D183CA52C6BB95D00E41F93 /* mellow_iosUITestsLaunchTests.swift */; };
		6D183CB32C6BBB6B00E41F93 /* RootView.swift in Sources */ = {isa = PBXBuildFile; fileRef = 6D183CB22C6BBB6B00E41F93 /* RootView.swift */; };
		6D183CB72C6BBBAD00E41F93 /* ScheduleTabView.swift in Sources */ = {isa = PBXBuildFile; fileRef = 6D183CB62C6BBBAD00E41F93 /* ScheduleTabView.swift */; };
		6D183CBA2C6BBBE800E41F93 /* DayPickerBarView.swift in Sources */ = {isa = PBXBuildFile; fileRef = 6D183CB92C6BBBE800E41F93 /* DayPickerBarView.swift */; };
		6D183CC12C6BBE1100E41F93 /* DayPickerBarViewRepresentable.swift in Sources */ = {isa = PBXBuildFile; fileRef = 6D183CC02C6BBE1100E41F93 /* DayPickerBarViewRepresentable.swift */; };
		6D183CC32C6BBE2700E41F93 /* DayPickerBarCollectionView.swift in Sources */ = {isa = PBXBuildFile; fileRef = 6D183CC22C6BBE2700E41F93 /* DayPickerBarCollectionView.swift */; };
		6D183CC52C6BC65600E41F93 /* GothamFont.swift in Sources */ = {isa = PBXBuildFile; fileRef = 6D183CC42C6BC65600E41F93 /* GothamFont.swift */; };
		6D183CC72C6BC67B00E41F93 /* DayPickerBarCollectionView+Cell.swift in Sources */ = {isa = PBXBuildFile; fileRef = 6D183CC62C6BC67B00E41F93 /* DayPickerBarCollectionView+Cell.swift */; };
		6D1F2C8D2CD2B90500978DAF /* DiagonalLines.swift in Sources */ = {isa = PBXBuildFile; fileRef = 6D1F2C8C2CD2B90400978DAF /* DiagonalLines.swift */; };
		6D1F2C8F2CD2BD6100978DAF /* RoundedCorner.swift in Sources */ = {isa = PBXBuildFile; fileRef = 6D1F2C8E2CD2BD6100978DAF /* RoundedCorner.swift */; };
		6D34B3292CC962820072EA5E /* SleepSessionViewRepresentation.swift in Sources */ = {isa = PBXBuildFile; fileRef = 6D34B3282CC962810072EA5E /* SleepSessionViewRepresentation.swift */; };
		6D34B32C2CC970210072EA5E /* Array+ScheduledSleepSession.swift in Sources */ = {isa = PBXBuildFile; fileRef = 6D34B32B2CC970210072EA5E /* Array+ScheduledSleepSession.swift */; };
		6D3977F42C907086004CB093 /* ci_post_clone.sh in Resources */ = {isa = PBXBuildFile; fileRef = 6D3977F32C907086004CB093 /* ci_post_clone.sh */; };
		6D3977F62C9070B0004CB093 /* macros.json in Resources */ = {isa = PBXBuildFile; fileRef = 6D3977F52C9070B0004CB093 /* macros.json */; };
		6D3E0EBE2C8832FD00639940 /* ProfileCalendarViewModel.swift in Sources */ = {isa = PBXBuildFile; fileRef = 6D3E0EBD2C8832FD00639940 /* ProfileCalendarViewModel.swift */; };
		6D4E39AA2CDFA8F30012312D /* ProfileKidsListView.swift in Sources */ = {isa = PBXBuildFile; fileRef = 6D4E39A92CDFA8F30012312D /* ProfileKidsListView.swift */; };
		6D4E39AD2CDFA9E40012312D /* ProfileKidListItemView.swift in Sources */ = {isa = PBXBuildFile; fileRef = 6D4E39AC2CDFA9E40012312D /* ProfileKidListItemView.swift */; };
		6D4E39B12CDFAA880012312D /* Kid+Age.swift in Sources */ = {isa = PBXBuildFile; fileRef = 6D4E39B02CDFAA860012312D /* Kid+Age.swift */; };
		6D4E39B42CE019FD0012312D /* ProfileSettingsKidEditView.swift in Sources */ = {isa = PBXBuildFile; fileRef = 6D4E39B32CE019F50012312D /* ProfileSettingsKidEditView.swift */; };
		6D53F1BD2C70B48F00FE25E1 /* SleepTimePicker.swift in Sources */ = {isa = PBXBuildFile; fileRef = 6D53F1BC2C70B48F00FE25E1 /* SleepTimePicker.swift */; };
		6D53F1C02C70C4A000FE25E1 /* SleepTimePicker+ViewModel.swift in Sources */ = {isa = PBXBuildFile; fileRef = 6D53F1BF2C70C4A000FE25E1 /* SleepTimePicker+ViewModel.swift */; };
		6D70911F2C6CA32F00007689 /* CalendarSeparator.swift in Sources */ = {isa = PBXBuildFile; fileRef = 6D70911E2C6CA32F00007689 /* CalendarSeparator.swift */; };
		6D7091212C6CA34000007689 /* HourTimeView.swift in Sources */ = {isa = PBXBuildFile; fileRef = 6D7091202C6CA34000007689 /* HourTimeView.swift */; };
		6D7091232C6CA35800007689 /* DayHourSlotView.swift in Sources */ = {isa = PBXBuildFile; fileRef = 6D7091222C6CA35800007689 /* DayHourSlotView.swift */; };
		6D7091252C6CA37200007689 /* CalendarDayViewModel.swift in Sources */ = {isa = PBXBuildFile; fileRef = 6D7091242C6CA37200007689 /* CalendarDayViewModel.swift */; };
		6D7091272C6D25CB00007689 /* SleepSessionEntryView.swift in Sources */ = {isa = PBXBuildFile; fileRef = 6D7091262C6D25CB00007689 /* SleepSessionEntryView.swift */; };
		6D70912A2C6DF3B600007689 /* SleepSessionViewModel.swift in Sources */ = {isa = PBXBuildFile; fileRef = 6D7091292C6DF3B600007689 /* SleepSessionViewModel.swift */; };
		6D70912C2C6E1FE200007689 /* AddSleepView.swift in Sources */ = {isa = PBXBuildFile; fileRef = 6D70912B2C6E1FE200007689 /* AddSleepView.swift */; };
		6D7315F62CDE9958000D7F2D /* SleepSession+Factory.swift in Sources */ = {isa = PBXBuildFile; fileRef = 6D7315F52CDE9952000D7F2D /* SleepSession+Factory.swift */; };
		6D7315F82CDE9A55000D7F2D /* SleepSession+Validation.swift in Sources */ = {isa = PBXBuildFile; fileRef = 6D7315F72CDE9A54000D7F2D /* SleepSession+Validation.swift */; };
		6D76C8902C732B100092C34E /* PageViewContent.swift in Sources */ = {isa = PBXBuildFile; fileRef = 6D76C88F2C732B100092C34E /* PageViewContent.swift */; };
		6D76C8922C748BE30092C34E /* CalendarDayViewWithPager.swift in Sources */ = {isa = PBXBuildFile; fileRef = 6D76C8912C748BE30092C34E /* CalendarDayViewWithPager.swift */; };
		6D77DF0B2C6C9DD9001A7B93 /* CalendarDayView.swift in Sources */ = {isa = PBXBuildFile; fileRef = 6D77DF0A2C6C9DD9001A7B93 /* CalendarDayView.swift */; };
		6D77DF0D2C6C9DF2001A7B93 /* Date+Extensions.swift in Sources */ = {isa = PBXBuildFile; fileRef = 6D77DF0C2C6C9DF2001A7B93 /* Date+Extensions.swift */; };
		6D7D2D1B2CBAA80500FA4BCF /* SleepProgressBarView.swift in Sources */ = {isa = PBXBuildFile; fileRef = 6D7D2D1A2CBAA80500FA4BCF /* SleepProgressBarView.swift */; };
		6D7D2D1D2CBAC8AC00FA4BCF /* NextSleepView.swift in Sources */ = {isa = PBXBuildFile; fileRef = 6D7D2D1C2CBAC8AC00FA4BCF /* NextSleepView.swift */; };
		6D98B5472CA8329F00065B6C /* AddSleepHeader.swift in Sources */ = {isa = PBXBuildFile; fileRef = 6D98B5462CA8329F00065B6C /* AddSleepHeader.swift */; };
		6D98B54A2CA8342500065B6C /* AddSleepTimePickers.swift in Sources */ = {isa = PBXBuildFile; fileRef = 6D98B5492CA8342500065B6C /* AddSleepTimePickers.swift */; };
		6D98B54C2CA835C200065B6C /* AddSleepSessionDelete.swift in Sources */ = {isa = PBXBuildFile; fileRef = 6D98B54B2CA835C200065B6C /* AddSleepSessionDelete.swift */; };
		6D9C6B462CC3D65F00B9D722 /* SessionInfoView.swift in Sources */ = {isa = PBXBuildFile; fileRef = 6D9C6B452CC3D65F00B9D722 /* SessionInfoView.swift */; };
		6D9C6B482CC5327000B9D722 /* TodayTabViewModel.swift in Sources */ = {isa = PBXBuildFile; fileRef = 6D9C6B472CC5327000B9D722 /* TodayTabViewModel.swift */; };
		6D9C6B4A2CC53E3C00B9D722 /* KidsStore.swift in Sources */ = {isa = PBXBuildFile; fileRef = 6D9C6B492CC53E3C00B9D722 /* KidsStore.swift */; };
		6D9C6B4C2CC53E4700B9D722 /* SleepSessionStore.swift in Sources */ = {isa = PBXBuildFile; fileRef = 6D9C6B4B2CC53E4700B9D722 /* SleepSessionStore.swift */; };
		6D9C6B4E2CC53ED600B9D722 /* Array+SleepSession.swift in Sources */ = {isa = PBXBuildFile; fileRef = 6D9C6B4D2CC53ED600B9D722 /* Array+SleepSession.swift */; };
		6D9C6B542CC53FBC00B9D722 /* DatabaseService.swift in Sources */ = {isa = PBXBuildFile; fileRef = 6D9C6B532CC53FBC00B9D722 /* DatabaseService.swift */; };
		6DA85F5D2C86FB510025988E /* ProfileSettingsView.swift in Sources */ = {isa = PBXBuildFile; fileRef = 6DA85F5C2C86FB510025988E /* ProfileSettingsView.swift */; };
		6DA85F5F2C870FF90025988E /* ProfileCalendarView.swift in Sources */ = {isa = PBXBuildFile; fileRef = 6DA85F5E2C870FF90025988E /* ProfileCalendarView.swift */; };
		6DA85F612C8725FC0025988E /* ProfileHeaderView.swift in Sources */ = {isa = PBXBuildFile; fileRef = 6DA85F602C8725FC0025988E /* ProfileHeaderView.swift */; };
		6DA85F632C8726820025988E /* ProfileStatsView.swift in Sources */ = {isa = PBXBuildFile; fileRef = 6DA85F622C8726820025988E /* ProfileStatsView.swift */; };
		6DA85F672C87277B0025988E /* ProfileView.swift in Sources */ = {isa = PBXBuildFile; fileRef = 6DA85F662C87277B0025988E /* ProfileView.swift */; };
		6DB92D132C8850B4005E48E9 /* IntroView.swift in Sources */ = {isa = PBXBuildFile; fileRef = 6DB92D122C8850B4005E48E9 /* IntroView.swift */; };
		6DB92D162C8850F2005E48E9 /* SubmitButton.swift in Sources */ = {isa = PBXBuildFile; fileRef = 6DB92D152C8850F2005E48E9 /* SubmitButton.swift */; };
		6DB92D1A2C885649005E48E9 /* PlanPromptView.swift in Sources */ = {isa = PBXBuildFile; fileRef = 6DB92D192C885649005E48E9 /* PlanPromptView.swift */; };
		6DB92D1C2C888B81005E48E9 /* PlanQuestionView.swift in Sources */ = {isa = PBXBuildFile; fileRef = 6DB92D1B2C888B81005E48E9 /* PlanQuestionView.swift */; };
		6DB92D1E2C88A33E005E48E9 /* PlanTextInputView.swift in Sources */ = {isa = PBXBuildFile; fileRef = 6DB92D1D2C88A33E005E48E9 /* PlanTextInputView.swift */; };
		6DB92D202C88A56C005E48E9 /* OnboardingPlanStore.swift in Sources */ = {isa = PBXBuildFile; fileRef = 6DB92D1F2C88A56C005E48E9 /* OnboardingPlanStore.swift */; };
		6DB92D222C88A809005E48E9 /* OnboardingPlanView.swift in Sources */ = {isa = PBXBuildFile; fileRef = 6DB92D212C88A809005E48E9 /* OnboardingPlanView.swift */; };
		6DB92D242C88AC2A005E48E9 /* AppState.swift in Sources */ = {isa = PBXBuildFile; fileRef = 6DB92D232C88AC2A005E48E9 /* AppState.swift */; };
		6DB92D262C88AC42005E48E9 /* ContentView.swift in Sources */ = {isa = PBXBuildFile; fileRef = 6DB92D252C88AC42005E48E9 /* ContentView.swift */; };
		6DB92D282C898B0D005E48E9 /* ProgressBar.swift in Sources */ = {isa = PBXBuildFile; fileRef = 6DB92D272C898B0D005E48E9 /* ProgressBar.swift */; };
		6DB92D2C2C899640005E48E9 /* Kid.swift in Sources */ = {isa = PBXBuildFile; fileRef = 6DB92D2B2C899640005E48E9 /* Kid.swift */; };
		6DB92D2E2C899649005E48E9 /* SleepSession.swift in Sources */ = {isa = PBXBuildFile; fileRef = 6DB92D2D2C899649005E48E9 /* SleepSession.swift */; };
		6DB92D312C89DD0D005E48E9 /* SwiftlyBeautiful in Frameworks */ = {isa = PBXBuildFile; productRef = 6DB92D302C89DD0D005E48E9 /* SwiftlyBeautiful */; };
		6DB9EDAB2C7F0DCB00B817DF /* ProfileTabView.swift in Sources */ = {isa = PBXBuildFile; fileRef = 6DB9EDAA2C7F0DCB00B817DF /* ProfileTabView.swift */; };
		6DB9EDB02C7F0EC700B817DF /* TodayTabView.swift in Sources */ = {isa = PBXBuildFile; fileRef = 6DB9EDAF2C7F0EC700B817DF /* TodayTabView.swift */; };
		6DB9EDB42C7F18C500B817DF /* RootViewModel.swift in Sources */ = {isa = PBXBuildFile; fileRef = 6DB9EDB32C7F18C500B817DF /* RootViewModel.swift */; };
		6DC513432C7F9FB500793FEA /* CurrentTimeSeparatorView.swift in Sources */ = {isa = PBXBuildFile; fileRef = 6DC513422C7F9FB500793FEA /* CurrentTimeSeparatorView.swift */; };
		6DCA4FD02CD644640070B172 /* SleepSessionInProgressView.swift in Sources */ = {isa = PBXBuildFile; fileRef = 6DCA4FCF2CD644640070B172 /* SleepSessionInProgressView.swift */; };
		6DCA4FD42CD675C90070B172 /* MeasureSizeModifier.swift in Sources */ = {isa = PBXBuildFile; fileRef = 6DCA4FD32CD675C90070B172 /* MeasureSizeModifier.swift */; };
		6DCA4FD62CD676000070B172 /* AppendSleepSessionInProgressViewModifier.swift in Sources */ = {isa = PBXBuildFile; fileRef = 6DCA4FD52CD676000070B172 /* AppendSleepSessionInProgressViewModifier.swift */; };
		6DCA4FD92CD676290070B172 /* SleepSessionInProgressHeightPreferenceKey.swift in Sources */ = {isa = PBXBuildFile; fileRef = 6DCA4FD82CD676290070B172 /* SleepSessionInProgressHeightPreferenceKey.swift */; };
		6DD04A832CA412420061F4F6 /* GetDimensionsModifier.swift in Sources */ = {isa = PBXBuildFile; fileRef = 6DD04A822CA412420061F4F6 /* GetDimensionsModifier.swift */; };
		6DDD4CA62C98355100E3853E /* gothamrnd_medium.otf in Resources */ = {isa = PBXBuildFile; fileRef = 6DDD4CA52C98355100E3853E /* gothamrnd_medium.otf */; };
		6DDD4CA82C98355A00E3853E /* gothamrnd_bold.otf in Resources */ = {isa = PBXBuildFile; fileRef = 6DDD4CA72C98355A00E3853E /* gothamrnd_bold.otf */; };
		6DDD4CAA2C98356100E3853E /* gothamrnd_light.otf in Resources */ = {isa = PBXBuildFile; fileRef = 6DDD4CA92C98356100E3853E /* gothamrnd_light.otf */; };
		6DDEC02E2CC58B7B00D724FC /* SleepSessionStoreProtocol.swift in Sources */ = {isa = PBXBuildFile; fileRef = 6DDEC02D2CC58B7B00D724FC /* SleepSessionStoreProtocol.swift */; };
		6DDEC0342CC58C2200D724FC /* KidsStoreProtocol.swift in Sources */ = {isa = PBXBuildFile; fileRef = 6DDEC0332CC58C2200D724FC /* KidsStoreProtocol.swift */; };
		6DDEC0362CC8173500D724FC /* PlanDateInputView.swift in Sources */ = {isa = PBXBuildFile; fileRef = 6DDEC0352CC8173500D724FC /* PlanDateInputView.swift */; };
		6DDEC0382CC81A8300D724FC /* SleepManager.swift in Sources */ = {isa = PBXBuildFile; fileRef = 6DDEC0372CC81A8300D724FC /* SleepManager.swift */; };
		6DFB7BAA2CA585A60017FB05 /* DimmedBackgroundViewModifier.swift in Sources */ = {isa = PBXBuildFile; fileRef = 6DFB7BA92CA585A60017FB05 /* DimmedBackgroundViewModifier.swift */; };
/* End PBXBuildFile section */

/* Begin PBXContainerItemProxy section */
		6D183C962C6BB95D00E41F93 /* PBXContainerItemProxy */ = {
			isa = PBXContainerItemProxy;
			containerPortal = 6D183C7B2C6BB95C00E41F93 /* Project object */;
			proxyType = 1;
			remoteGlobalIDString = 6D183C822C6BB95C00E41F93;
			remoteInfo = "mellow-ios";
		};
		6D183CA02C6BB95D00E41F93 /* PBXContainerItemProxy */ = {
			isa = PBXContainerItemProxy;
			containerPortal = 6D183C7B2C6BB95C00E41F93 /* Project object */;
			proxyType = 1;
			remoteGlobalIDString = 6D183C822C6BB95C00E41F93;
			remoteInfo = "mellow-ios";
		};
/* End PBXContainerItemProxy section */

/* Begin PBXFileReference section */
		6D183C832C6BB95C00E41F93 /* mellow-ios.app */ = {isa = PBXFileReference; explicitFileType = wrapper.application; includeInIndex = 0; path = "mellow-ios.app"; sourceTree = BUILT_PRODUCTS_DIR; };
		6D183C862C6BB95C00E41F93 /* mellow_iosApp.swift */ = {isa = PBXFileReference; lastKnownFileType = sourcecode.swift; path = mellow_iosApp.swift; sourceTree = "<group>"; };
		6D183C8C2C6BB95D00E41F93 /* Assets.xcassets */ = {isa = PBXFileReference; lastKnownFileType = folder.assetcatalog; path = Assets.xcassets; sourceTree = "<group>"; };
		6D183C8F2C6BB95D00E41F93 /* Preview Assets.xcassets */ = {isa = PBXFileReference; lastKnownFileType = folder.assetcatalog; path = "Preview Assets.xcassets"; sourceTree = "<group>"; };
		6D183C952C6BB95D00E41F93 /* mellow-iosTests.xctest */ = {isa = PBXFileReference; explicitFileType = wrapper.cfbundle; includeInIndex = 0; path = "mellow-iosTests.xctest"; sourceTree = BUILT_PRODUCTS_DIR; };
		6D183C992C6BB95D00E41F93 /* mellow_iosTests.swift */ = {isa = PBXFileReference; lastKnownFileType = sourcecode.swift; path = mellow_iosTests.swift; sourceTree = "<group>"; };
		6D183C9F2C6BB95D00E41F93 /* mellow-iosUITests.xctest */ = {isa = PBXFileReference; explicitFileType = wrapper.cfbundle; includeInIndex = 0; path = "mellow-iosUITests.xctest"; sourceTree = BUILT_PRODUCTS_DIR; };
		6D183CA32C6BB95D00E41F93 /* mellow_iosUITests.swift */ = {isa = PBXFileReference; lastKnownFileType = sourcecode.swift; path = mellow_iosUITests.swift; sourceTree = "<group>"; };
		6D183CA52C6BB95D00E41F93 /* mellow_iosUITestsLaunchTests.swift */ = {isa = PBXFileReference; lastKnownFileType = sourcecode.swift; path = mellow_iosUITestsLaunchTests.swift; sourceTree = "<group>"; };
		6D183CB22C6BBB6B00E41F93 /* RootView.swift */ = {isa = PBXFileReference; lastKnownFileType = sourcecode.swift; path = RootView.swift; sourceTree = "<group>"; };
		6D183CB62C6BBBAD00E41F93 /* ScheduleTabView.swift */ = {isa = PBXFileReference; lastKnownFileType = sourcecode.swift; path = ScheduleTabView.swift; sourceTree = "<group>"; };
		6D183CB92C6BBBE800E41F93 /* DayPickerBarView.swift */ = {isa = PBXFileReference; lastKnownFileType = sourcecode.swift; path = DayPickerBarView.swift; sourceTree = "<group>"; };
		6D183CC02C6BBE1100E41F93 /* DayPickerBarViewRepresentable.swift */ = {isa = PBXFileReference; lastKnownFileType = sourcecode.swift; path = DayPickerBarViewRepresentable.swift; sourceTree = "<group>"; };
		6D183CC22C6BBE2700E41F93 /* DayPickerBarCollectionView.swift */ = {isa = PBXFileReference; lastKnownFileType = sourcecode.swift; path = DayPickerBarCollectionView.swift; sourceTree = "<group>"; };
		6D183CC42C6BC65600E41F93 /* GothamFont.swift */ = {isa = PBXFileReference; fileEncoding = 4; lastKnownFileType = sourcecode.swift; path = GothamFont.swift; sourceTree = "<group>"; };
		6D183CC62C6BC67B00E41F93 /* DayPickerBarCollectionView+Cell.swift */ = {isa = PBXFileReference; lastKnownFileType = sourcecode.swift; path = "DayPickerBarCollectionView+Cell.swift"; sourceTree = "<group>"; };
		6D1F2C8C2CD2B90400978DAF /* DiagonalLines.swift */ = {isa = PBXFileReference; lastKnownFileType = sourcecode.swift; path = DiagonalLines.swift; sourceTree = "<group>"; };
		6D1F2C8E2CD2BD6100978DAF /* RoundedCorner.swift */ = {isa = PBXFileReference; lastKnownFileType = sourcecode.swift; path = RoundedCorner.swift; sourceTree = "<group>"; };
		6D34B3282CC962810072EA5E /* SleepSessionViewRepresentation.swift */ = {isa = PBXFileReference; lastKnownFileType = sourcecode.swift; path = SleepSessionViewRepresentation.swift; sourceTree = "<group>"; };
		6D34B32B2CC970210072EA5E /* Array+ScheduledSleepSession.swift */ = {isa = PBXFileReference; lastKnownFileType = sourcecode.swift; path = "Array+ScheduledSleepSession.swift"; sourceTree = "<group>"; };
		6D3977F32C907086004CB093 /* ci_post_clone.sh */ = {isa = PBXFileReference; lastKnownFileType = text.script.sh; path = ci_post_clone.sh; sourceTree = "<group>"; };
		6D3977F52C9070B0004CB093 /* macros.json */ = {isa = PBXFileReference; lastKnownFileType = text.json; path = macros.json; sourceTree = "<group>"; };
		6D3E0EBD2C8832FD00639940 /* ProfileCalendarViewModel.swift */ = {isa = PBXFileReference; lastKnownFileType = sourcecode.swift; path = ProfileCalendarViewModel.swift; sourceTree = "<group>"; };
		6D4E39A92CDFA8F30012312D /* ProfileKidsListView.swift */ = {isa = PBXFileReference; lastKnownFileType = sourcecode.swift; path = ProfileKidsListView.swift; sourceTree = "<group>"; };
		6D4E39AC2CDFA9E40012312D /* ProfileKidListItemView.swift */ = {isa = PBXFileReference; lastKnownFileType = sourcecode.swift; path = ProfileKidListItemView.swift; sourceTree = "<group>"; };
		6D4E39B02CDFAA860012312D /* Kid+Age.swift */ = {isa = PBXFileReference; lastKnownFileType = sourcecode.swift; path = "Kid+Age.swift"; sourceTree = "<group>"; };
		6D4E39B32CE019F50012312D /* ProfileSettingsKidEditView.swift */ = {isa = PBXFileReference; lastKnownFileType = sourcecode.swift; path = ProfileSettingsKidEditView.swift; sourceTree = "<group>"; };
		6D53F1BC2C70B48F00FE25E1 /* SleepTimePicker.swift */ = {isa = PBXFileReference; lastKnownFileType = sourcecode.swift; path = SleepTimePicker.swift; sourceTree = "<group>"; };
		6D53F1BF2C70C4A000FE25E1 /* SleepTimePicker+ViewModel.swift */ = {isa = PBXFileReference; lastKnownFileType = sourcecode.swift; path = "SleepTimePicker+ViewModel.swift"; sourceTree = "<group>"; };
		6D70911E2C6CA32F00007689 /* CalendarSeparator.swift */ = {isa = PBXFileReference; lastKnownFileType = sourcecode.swift; path = CalendarSeparator.swift; sourceTree = "<group>"; };
		6D7091202C6CA34000007689 /* HourTimeView.swift */ = {isa = PBXFileReference; lastKnownFileType = sourcecode.swift; path = HourTimeView.swift; sourceTree = "<group>"; };
		6D7091222C6CA35800007689 /* DayHourSlotView.swift */ = {isa = PBXFileReference; lastKnownFileType = sourcecode.swift; path = DayHourSlotView.swift; sourceTree = "<group>"; };
		6D7091242C6CA37200007689 /* CalendarDayViewModel.swift */ = {isa = PBXFileReference; lastKnownFileType = sourcecode.swift; path = CalendarDayViewModel.swift; sourceTree = "<group>"; };
		6D7091262C6D25CB00007689 /* SleepSessionEntryView.swift */ = {isa = PBXFileReference; lastKnownFileType = sourcecode.swift; path = SleepSessionEntryView.swift; sourceTree = "<group>"; };
		6D7091292C6DF3B600007689 /* SleepSessionViewModel.swift */ = {isa = PBXFileReference; lastKnownFileType = sourcecode.swift; path = SleepSessionViewModel.swift; sourceTree = "<group>"; };
		6D70912B2C6E1FE200007689 /* AddSleepView.swift */ = {isa = PBXFileReference; lastKnownFileType = sourcecode.swift; path = AddSleepView.swift; sourceTree = "<group>"; };
		6D7315F52CDE9952000D7F2D /* SleepSession+Factory.swift */ = {isa = PBXFileReference; lastKnownFileType = sourcecode.swift; path = "SleepSession+Factory.swift"; sourceTree = "<group>"; };
		6D7315F72CDE9A54000D7F2D /* SleepSession+Validation.swift */ = {isa = PBXFileReference; lastKnownFileType = sourcecode.swift; path = "SleepSession+Validation.swift"; sourceTree = "<group>"; };
		6D76C88D2C7325870092C34E /* Info.plist */ = {isa = PBXFileReference; lastKnownFileType = text.plist; path = Info.plist; sourceTree = "<group>"; };
		6D76C88F2C732B100092C34E /* PageViewContent.swift */ = {isa = PBXFileReference; lastKnownFileType = sourcecode.swift; path = PageViewContent.swift; sourceTree = "<group>"; };
		6D76C8912C748BE30092C34E /* CalendarDayViewWithPager.swift */ = {isa = PBXFileReference; lastKnownFileType = sourcecode.swift; path = CalendarDayViewWithPager.swift; sourceTree = "<group>"; };
		6D77DF0A2C6C9DD9001A7B93 /* CalendarDayView.swift */ = {isa = PBXFileReference; lastKnownFileType = sourcecode.swift; path = CalendarDayView.swift; sourceTree = "<group>"; };
		6D77DF0C2C6C9DF2001A7B93 /* Date+Extensions.swift */ = {isa = PBXFileReference; lastKnownFileType = sourcecode.swift; path = "Date+Extensions.swift"; sourceTree = "<group>"; };
		6D7D2D1A2CBAA80500FA4BCF /* SleepProgressBarView.swift */ = {isa = PBXFileReference; lastKnownFileType = sourcecode.swift; path = SleepProgressBarView.swift; sourceTree = "<group>"; };
		6D7D2D1C2CBAC8AC00FA4BCF /* NextSleepView.swift */ = {isa = PBXFileReference; lastKnownFileType = sourcecode.swift; path = NextSleepView.swift; sourceTree = "<group>"; };
		6D98B5462CA8329F00065B6C /* AddSleepHeader.swift */ = {isa = PBXFileReference; lastKnownFileType = sourcecode.swift; path = AddSleepHeader.swift; sourceTree = "<group>"; };
		6D98B5492CA8342500065B6C /* AddSleepTimePickers.swift */ = {isa = PBXFileReference; lastKnownFileType = sourcecode.swift; path = AddSleepTimePickers.swift; sourceTree = "<group>"; };
		6D98B54B2CA835C200065B6C /* AddSleepSessionDelete.swift */ = {isa = PBXFileReference; lastKnownFileType = sourcecode.swift; path = AddSleepSessionDelete.swift; sourceTree = "<group>"; };
		6D9C6B452CC3D65F00B9D722 /* SessionInfoView.swift */ = {isa = PBXFileReference; lastKnownFileType = sourcecode.swift; path = SessionInfoView.swift; sourceTree = "<group>"; };
		6D9C6B472CC5327000B9D722 /* TodayTabViewModel.swift */ = {isa = PBXFileReference; lastKnownFileType = sourcecode.swift; path = TodayTabViewModel.swift; sourceTree = "<group>"; };
		6D9C6B492CC53E3C00B9D722 /* KidsStore.swift */ = {isa = PBXFileReference; lastKnownFileType = sourcecode.swift; path = KidsStore.swift; sourceTree = "<group>"; };
		6D9C6B4B2CC53E4700B9D722 /* SleepSessionStore.swift */ = {isa = PBXFileReference; lastKnownFileType = sourcecode.swift; path = SleepSessionStore.swift; sourceTree = "<group>"; };
		6D9C6B4D2CC53ED600B9D722 /* Array+SleepSession.swift */ = {isa = PBXFileReference; lastKnownFileType = sourcecode.swift; path = "Array+SleepSession.swift"; sourceTree = "<group>"; };
		6D9C6B532CC53FBC00B9D722 /* DatabaseService.swift */ = {isa = PBXFileReference; lastKnownFileType = sourcecode.swift; path = DatabaseService.swift; sourceTree = "<group>"; };
		6DA85F5C2C86FB510025988E /* ProfileSettingsView.swift */ = {isa = PBXFileReference; lastKnownFileType = sourcecode.swift; path = ProfileSettingsView.swift; sourceTree = "<group>"; };
		6DA85F5E2C870FF90025988E /* ProfileCalendarView.swift */ = {isa = PBXFileReference; lastKnownFileType = sourcecode.swift; path = ProfileCalendarView.swift; sourceTree = "<group>"; };
		6DA85F602C8725FC0025988E /* ProfileHeaderView.swift */ = {isa = PBXFileReference; lastKnownFileType = sourcecode.swift; path = ProfileHeaderView.swift; sourceTree = "<group>"; };
		6DA85F622C8726820025988E /* ProfileStatsView.swift */ = {isa = PBXFileReference; lastKnownFileType = sourcecode.swift; path = ProfileStatsView.swift; sourceTree = "<group>"; };
		6DA85F662C87277B0025988E /* ProfileView.swift */ = {isa = PBXFileReference; lastKnownFileType = sourcecode.swift; path = ProfileView.swift; sourceTree = "<group>"; };
		6DB92D122C8850B4005E48E9 /* IntroView.swift */ = {isa = PBXFileReference; lastKnownFileType = sourcecode.swift; path = IntroView.swift; sourceTree = "<group>"; };
		6DB92D152C8850F2005E48E9 /* SubmitButton.swift */ = {isa = PBXFileReference; lastKnownFileType = sourcecode.swift; path = SubmitButton.swift; sourceTree = "<group>"; };
		6DB92D192C885649005E48E9 /* PlanPromptView.swift */ = {isa = PBXFileReference; lastKnownFileType = sourcecode.swift; path = PlanPromptView.swift; sourceTree = "<group>"; };
		6DB92D1B2C888B81005E48E9 /* PlanQuestionView.swift */ = {isa = PBXFileReference; lastKnownFileType = sourcecode.swift; path = PlanQuestionView.swift; sourceTree = "<group>"; };
		6DB92D1D2C88A33E005E48E9 /* PlanTextInputView.swift */ = {isa = PBXFileReference; lastKnownFileType = sourcecode.swift; path = PlanTextInputView.swift; sourceTree = "<group>"; };
		6DB92D1F2C88A56C005E48E9 /* OnboardingPlanStore.swift */ = {isa = PBXFileReference; lastKnownFileType = sourcecode.swift; path = OnboardingPlanStore.swift; sourceTree = "<group>"; };
		6DB92D212C88A809005E48E9 /* OnboardingPlanView.swift */ = {isa = PBXFileReference; lastKnownFileType = sourcecode.swift; path = OnboardingPlanView.swift; sourceTree = "<group>"; };
		6DB92D232C88AC2A005E48E9 /* AppState.swift */ = {isa = PBXFileReference; lastKnownFileType = sourcecode.swift; path = AppState.swift; sourceTree = "<group>"; };
		6DB92D252C88AC42005E48E9 /* ContentView.swift */ = {isa = PBXFileReference; lastKnownFileType = sourcecode.swift; path = ContentView.swift; sourceTree = "<group>"; };
		6DB92D272C898B0D005E48E9 /* ProgressBar.swift */ = {isa = PBXFileReference; lastKnownFileType = sourcecode.swift; path = ProgressBar.swift; sourceTree = "<group>"; };
		6DB92D2B2C899640005E48E9 /* Kid.swift */ = {isa = PBXFileReference; lastKnownFileType = sourcecode.swift; path = Kid.swift; sourceTree = "<group>"; };
		6DB92D2D2C899649005E48E9 /* SleepSession.swift */ = {isa = PBXFileReference; lastKnownFileType = sourcecode.swift; path = SleepSession.swift; sourceTree = "<group>"; };
		6DB9EDAA2C7F0DCB00B817DF /* ProfileTabView.swift */ = {isa = PBXFileReference; lastKnownFileType = sourcecode.swift; path = ProfileTabView.swift; sourceTree = "<group>"; };
		6DB9EDAF2C7F0EC700B817DF /* TodayTabView.swift */ = {isa = PBXFileReference; lastKnownFileType = sourcecode.swift; path = TodayTabView.swift; sourceTree = "<group>"; };
		6DB9EDB32C7F18C500B817DF /* RootViewModel.swift */ = {isa = PBXFileReference; lastKnownFileType = sourcecode.swift; path = RootViewModel.swift; sourceTree = "<group>"; };
		6DC513422C7F9FB500793FEA /* CurrentTimeSeparatorView.swift */ = {isa = PBXFileReference; lastKnownFileType = sourcecode.swift; path = CurrentTimeSeparatorView.swift; sourceTree = "<group>"; };
		6DCA4FCF2CD644640070B172 /* SleepSessionInProgressView.swift */ = {isa = PBXFileReference; lastKnownFileType = sourcecode.swift; path = SleepSessionInProgressView.swift; sourceTree = "<group>"; };
		6DCA4FD32CD675C90070B172 /* MeasureSizeModifier.swift */ = {isa = PBXFileReference; lastKnownFileType = sourcecode.swift; path = MeasureSizeModifier.swift; sourceTree = "<group>"; };
		6DCA4FD52CD676000070B172 /* AppendSleepSessionInProgressViewModifier.swift */ = {isa = PBXFileReference; lastKnownFileType = sourcecode.swift; path = AppendSleepSessionInProgressViewModifier.swift; sourceTree = "<group>"; };
		6DCA4FD82CD676290070B172 /* SleepSessionInProgressHeightPreferenceKey.swift */ = {isa = PBXFileReference; lastKnownFileType = sourcecode.swift; path = SleepSessionInProgressHeightPreferenceKey.swift; sourceTree = "<group>"; };
		6DD04A822CA412420061F4F6 /* GetDimensionsModifier.swift */ = {isa = PBXFileReference; lastKnownFileType = sourcecode.swift; path = GetDimensionsModifier.swift; sourceTree = "<group>"; };
		6DDD4CA52C98355100E3853E /* gothamrnd_medium.otf */ = {isa = PBXFileReference; lastKnownFileType = file; path = gothamrnd_medium.otf; sourceTree = "<group>"; };
		6DDD4CA72C98355A00E3853E /* gothamrnd_bold.otf */ = {isa = PBXFileReference; lastKnownFileType = file; path = gothamrnd_bold.otf; sourceTree = "<group>"; };
		6DDD4CA92C98356100E3853E /* gothamrnd_light.otf */ = {isa = PBXFileReference; lastKnownFileType = file; path = gothamrnd_light.otf; sourceTree = "<group>"; };
		6DDEC02D2CC58B7B00D724FC /* SleepSessionStoreProtocol.swift */ = {isa = PBXFileReference; lastKnownFileType = sourcecode.swift; path = SleepSessionStoreProtocol.swift; sourceTree = "<group>"; };
		6DDEC0332CC58C2200D724FC /* KidsStoreProtocol.swift */ = {isa = PBXFileReference; lastKnownFileType = sourcecode.swift; path = KidsStoreProtocol.swift; sourceTree = "<group>"; };
		6DDEC0352CC8173500D724FC /* PlanDateInputView.swift */ = {isa = PBXFileReference; lastKnownFileType = sourcecode.swift; path = PlanDateInputView.swift; sourceTree = "<group>"; };
		6DDEC0372CC81A8300D724FC /* SleepManager.swift */ = {isa = PBXFileReference; lastKnownFileType = sourcecode.swift; path = SleepManager.swift; sourceTree = "<group>"; };
		6DFB7BA92CA585A60017FB05 /* DimmedBackgroundViewModifier.swift */ = {isa = PBXFileReference; lastKnownFileType = sourcecode.swift; path = DimmedBackgroundViewModifier.swift; sourceTree = "<group>"; };
/* End PBXFileReference section */

/* Begin PBXFrameworksBuildPhase section */
		6D183C802C6BB95C00E41F93 /* Frameworks */ = {
			isa = PBXFrameworksBuildPhase;
			buildActionMask = 2147483647;
			files = (
				6DB92D312C89DD0D005E48E9 /* SwiftlyBeautiful in Frameworks */,
			);
			runOnlyForDeploymentPostprocessing = 0;
		};
		6D183C922C6BB95D00E41F93 /* Frameworks */ = {
			isa = PBXFrameworksBuildPhase;
			buildActionMask = 2147483647;
			files = (
			);
			runOnlyForDeploymentPostprocessing = 0;
		};
		6D183C9C2C6BB95D00E41F93 /* Frameworks */ = {
			isa = PBXFrameworksBuildPhase;
			buildActionMask = 2147483647;
			files = (
			);
			runOnlyForDeploymentPostprocessing = 0;
		};
/* End PBXFrameworksBuildPhase section */

/* Begin PBXGroup section */
		6D183C7A2C6BB95C00E41F93 = {
			isa = PBXGroup;
			children = (
				6D3977F22C907066004CB093 /* ci_scripts */,
				6D183C852C6BB95C00E41F93 /* mellow-ios */,
				6D183C982C6BB95D00E41F93 /* mellow-iosTests */,
				6D183CA22C6BB95D00E41F93 /* mellow-iosUITests */,
				6D183C842C6BB95C00E41F93 /* Products */,
			);
			sourceTree = "<group>";
		};
		6D183C842C6BB95C00E41F93 /* Products */ = {
			isa = PBXGroup;
			children = (
				6D183C832C6BB95C00E41F93 /* mellow-ios.app */,
				6D183C952C6BB95D00E41F93 /* mellow-iosTests.xctest */,
				6D183C9F2C6BB95D00E41F93 /* mellow-iosUITests.xctest */,
			);
			name = Products;
			sourceTree = "<group>";
		};
		6D183C852C6BB95C00E41F93 /* mellow-ios */ = {
			isa = PBXGroup;
			children = (
				6DDD4CA32C98353D00E3853E /* Resources */,
				6D76C88D2C7325870092C34E /* Info.plist */,
				6D183C862C6BB95C00E41F93 /* mellow_iosApp.swift */,
				6D183C8C2C6BB95D00E41F93 /* Assets.xcassets */,
				6D183C8E2C6BB95D00E41F93 /* Preview Content */,
				6D77DF042C6C93E1001A7B93 /* Services */,
				6DB92D102C884E08005E48E9 /* Views */,
			);
			path = "mellow-ios";
			sourceTree = "<group>";
		};
		6D183C8E2C6BB95D00E41F93 /* Preview Content */ = {
			isa = PBXGroup;
			children = (
				6D183C8F2C6BB95D00E41F93 /* Preview Assets.xcassets */,
			);
			path = "Preview Content";
			sourceTree = "<group>";
		};
		6D183C982C6BB95D00E41F93 /* mellow-iosTests */ = {
			isa = PBXGroup;
			children = (
				6D183C992C6BB95D00E41F93 /* mellow_iosTests.swift */,
			);
			path = "mellow-iosTests";
			sourceTree = "<group>";
		};
		6D183CA22C6BB95D00E41F93 /* mellow-iosUITests */ = {
			isa = PBXGroup;
			children = (
				6D183CA32C6BB95D00E41F93 /* mellow_iosUITests.swift */,
				6D183CA52C6BB95D00E41F93 /* mellow_iosUITestsLaunchTests.swift */,
			);
			path = "mellow-iosUITests";
			sourceTree = "<group>";
		};
		6D183CB42C6BBB8D00E41F93 /* Tabs */ = {
			isa = PBXGroup;
			children = (
				6D183CB82C6BBBDC00E41F93 /* Componenets */,
				6DB9EDAD2C7F0EAF00B817DF /* TodayTab */,
				6DB9EDA82C7F0D1800B817DF /* ScheduleTab */,
				6DB9EDA72C7F0CD300B817DF /* ProfileTab */,
			);
			path = Tabs;
			sourceTree = "<group>";
		};
		6D183CB52C6BBB9500E41F93 /* RootView */ = {
			isa = PBXGroup;
			children = (
				6D183CB42C6BBB8D00E41F93 /* Tabs */,
				6DB9EDB32C7F18C500B817DF /* RootViewModel.swift */,
				6D183CB22C6BBB6B00E41F93 /* RootView.swift */,
			);
			path = RootView;
			sourceTree = "<group>";
		};
		6D183CB82C6BBBDC00E41F93 /* Componenets */ = {
			isa = PBXGroup;
			children = (
				6D76C88F2C732B100092C34E /* PageViewContent.swift */,
				6D183CC42C6BC65600E41F93 /* GothamFont.swift */,
			);
			path = Componenets;
			sourceTree = "<group>";
		};
		6D183CC82C6BDA6300E41F93 /* DayPickerBarView */ = {
			isa = PBXGroup;
			children = (
				6D183CB92C6BBBE800E41F93 /* DayPickerBarView.swift */,
				6D183CC02C6BBE1100E41F93 /* DayPickerBarViewRepresentable.swift */,
				6D183CC22C6BBE2700E41F93 /* DayPickerBarCollectionView.swift */,
				6D183CC62C6BC67B00E41F93 /* DayPickerBarCollectionView+Cell.swift */,
				6D77DF0C2C6C9DF2001A7B93 /* Date+Extensions.swift */,
			);
			path = DayPickerBarView;
			sourceTree = "<group>";
		};
		6D34B3272CC9627C0072EA5E /* Model */ = {
			isa = PBXGroup;
			children = (
				6D34B3282CC962810072EA5E /* SleepSessionViewRepresentation.swift */,
			);
			path = Model;
			sourceTree = "<group>";
		};
		6D34B32A2CC9700C0072EA5E /* SleepManager */ = {
			isa = PBXGroup;
			children = (
				6DDEC0372CC81A8300D724FC /* SleepManager.swift */,
				6D34B32B2CC970210072EA5E /* Array+ScheduledSleepSession.swift */,
			);
			path = SleepManager;
			sourceTree = "<group>";
		};
		6D3977F22C907066004CB093 /* ci_scripts */ = {
			isa = PBXGroup;
			children = (
				6D3977F32C907086004CB093 /* ci_post_clone.sh */,
				6D3977F52C9070B0004CB093 /* macros.json */,
			);
			path = ci_scripts;
			sourceTree = "<group>";
		};
		6D4E39AB2CDFA9D40012312D /* ProfileKidsListView */ = {
			isa = PBXGroup;
			children = (
				6D4E39A92CDFA8F30012312D /* ProfileKidsListView.swift */,
				6D4E39AC2CDFA9E40012312D /* ProfileKidListItemView.swift */,
			);
			path = ProfileKidsListView;
			sourceTree = "<group>";
		};
		6D4E39AE2CDFAA630012312D /* SleepSession */ = {
			isa = PBXGroup;
			children = (
				6D7315F72CDE9A54000D7F2D /* SleepSession+Validation.swift */,
				6D7315F52CDE9952000D7F2D /* SleepSession+Factory.swift */,
				6DB92D2D2C899649005E48E9 /* SleepSession.swift */,
			);
			path = SleepSession;
			sourceTree = "<group>";
		};
		6D4E39AF2CDFAA680012312D /* Kid */ = {
			isa = PBXGroup;
			children = (
				6D4E39B02CDFAA860012312D /* Kid+Age.swift */,
				6DB92D2B2C899640005E48E9 /* Kid.swift */,
			);
			path = Kid;
			sourceTree = "<group>";
		};
		6D4E39B22CE00DF80012312D /* ProfileSettingsView */ = {
			isa = PBXGroup;
			children = (
				6D4E39B32CE019F50012312D /* ProfileSettingsKidEditView.swift */,
				6DA85F5C2C86FB510025988E /* ProfileSettingsView.swift */,
			);
			path = ProfileSettingsView;
			sourceTree = "<group>";
		};
		6D53F1BB2C70B45000FE25E1 /* AddSleepView */ = {
			isa = PBXGroup;
			children = (
				6D98B5482CA832C500065B6C /* SubComponents */,
				6D70912B2C6E1FE200007689 /* AddSleepView.swift */,
			);
			path = AddSleepView;
			sourceTree = "<group>";
		};
		6D53F1BE2C70C49400FE25E1 /* SleepTimePicker */ = {
			isa = PBXGroup;
			children = (
				6D53F1BC2C70B48F00FE25E1 /* SleepTimePicker.swift */,
				6D53F1BF2C70C4A000FE25E1 /* SleepTimePicker+ViewModel.swift */,
			);
			path = SleepTimePicker;
			sourceTree = "<group>";
		};
		6D7091282C6DF3AC00007689 /* models */ = {
			isa = PBXGroup;
			children = (
				6D7091242C6CA37200007689 /* CalendarDayViewModel.swift */,
				6D7091292C6DF3B600007689 /* SleepSessionViewModel.swift */,
			);
			path = models;
			sourceTree = "<group>";
		};
		6D77DF042C6C93E1001A7B93 /* Services */ = {
			isa = PBXGroup;
			children = (
				6D34B32A2CC9700C0072EA5E /* SleepManager */,
				6D34B3272CC9627C0072EA5E /* Model */,
				6D9C6B522CC53F4F00B9D722 /* Database */,
				6DB92D232C88AC2A005E48E9 /* AppState.swift */,
			);
			path = Services;
			sourceTree = "<group>";
		};
		6D77DF092C6C9DCF001A7B93 /* CalendarDayView */ = {
			isa = PBXGroup;
			children = (
				6D7091282C6DF3AC00007689 /* models */,
				6D77DF0A2C6C9DD9001A7B93 /* CalendarDayView.swift */,
				6D70911E2C6CA32F00007689 /* CalendarSeparator.swift */,
				6D7091202C6CA34000007689 /* HourTimeView.swift */,
				6D7091222C6CA35800007689 /* DayHourSlotView.swift */,
				6D7091262C6D25CB00007689 /* SleepSessionEntryView.swift */,
				6D76C8912C748BE30092C34E /* CalendarDayViewWithPager.swift */,
				6DC513422C7F9FB500793FEA /* CurrentTimeSeparatorView.swift */,
			);
			path = CalendarDayView;
			sourceTree = "<group>";
		};
		6D7D2D192CBAA64C00FA4BCF /* Componenets */ = {
			isa = PBXGroup;
			children = (
				6D7D2D1A2CBAA80500FA4BCF /* SleepProgressBarView.swift */,
				6D7D2D1C2CBAC8AC00FA4BCF /* NextSleepView.swift */,
				6D9C6B452CC3D65F00B9D722 /* SessionInfoView.swift */,
			);
			path = Componenets;
			sourceTree = "<group>";
		};
		6D98B5482CA832C500065B6C /* SubComponents */ = {
			isa = PBXGroup;
			children = (
				6D53F1BE2C70C49400FE25E1 /* SleepTimePicker */,
				6D98B5462CA8329F00065B6C /* AddSleepHeader.swift */,
				6D98B5492CA8342500065B6C /* AddSleepTimePickers.swift */,
				6D98B54B2CA835C200065B6C /* AddSleepSessionDelete.swift */,
			);
			path = SubComponents;
			sourceTree = "<group>";
		};
		6D9C6B512CC53F2800B9D722 /* SleepSessionStore */ = {
			isa = PBXGroup;
			children = (
				6D9C6B4D2CC53ED600B9D722 /* Array+SleepSession.swift */,
				6D9C6B4B2CC53E4700B9D722 /* SleepSessionStore.swift */,
				6DDEC02D2CC58B7B00D724FC /* SleepSessionStoreProtocol.swift */,
			);
			path = SleepSessionStore;
			sourceTree = "<group>";
		};
		6D9C6B522CC53F4F00B9D722 /* Database */ = {
			isa = PBXGroup;
			children = (
				6DB92D2A2C899637005E48E9 /* Model */,
				6DDEC02F2CC58BB600D724FC /* Stores */,
				6D9C6B532CC53FBC00B9D722 /* DatabaseService.swift */,
			);
			path = Database;
			sourceTree = "<group>";
		};
		6DA85F5B2C86FB3D0025988E /* Views */ = {
			isa = PBXGroup;
			children = (
				6D4E39B22CE00DF80012312D /* ProfileSettingsView */,
				6DA85F662C87277B0025988E /* ProfileView.swift */,
			);
			path = Views;
			sourceTree = "<group>";
		};
		6DB92D102C884E08005E48E9 /* Views */ = {
			isa = PBXGroup;
			children = (
				6DB92D142C8850E0005E48E9 /* Componenets */,
				6DB92D112C884FB3005E48E9 /* IntroView */,
				6D183CB52C6BBB9500E41F93 /* RootView */,
				6DB92D172C8855F1005E48E9 /* PlanView */,
				6DB92D252C88AC42005E48E9 /* ContentView.swift */,
			);
			path = Views;
			sourceTree = "<group>";
		};
		6DB92D112C884FB3005E48E9 /* IntroView */ = {
			isa = PBXGroup;
			children = (
				6DB92D122C8850B4005E48E9 /* IntroView.swift */,
			);
			path = IntroView;
			sourceTree = "<group>";
		};
		6DB92D142C8850E0005E48E9 /* Componenets */ = {
			isa = PBXGroup;
			children = (
				6DCA4FD72CD676220070B172 /* PreferenceKeys */,
				6DD04A812CA412350061F4F6 /* ViewModifiers */,
				6D1F2C8C2CD2B90400978DAF /* DiagonalLines.swift */,
				6DB92D152C8850F2005E48E9 /* SubmitButton.swift */,
				6DB92D272C898B0D005E48E9 /* ProgressBar.swift */,
				6D1F2C8E2CD2BD6100978DAF /* RoundedCorner.swift */,
				6DCA4FCF2CD644640070B172 /* SleepSessionInProgressView.swift */,
			);
			path = Componenets;
			sourceTree = "<group>";
		};
		6DB92D172C8855F1005E48E9 /* PlanView */ = {
			isa = PBXGroup;
			children = (
				6DB92D182C885638005E48E9 /* Views */,
				6DB92D1F2C88A56C005E48E9 /* OnboardingPlanStore.swift */,
				6DB92D212C88A809005E48E9 /* OnboardingPlanView.swift */,
			);
			path = PlanView;
			sourceTree = "<group>";
		};
		6DB92D182C885638005E48E9 /* Views */ = {
			isa = PBXGroup;
			children = (
				6DB92D192C885649005E48E9 /* PlanPromptView.swift */,
				6DB92D1B2C888B81005E48E9 /* PlanQuestionView.swift */,
				6DB92D1D2C88A33E005E48E9 /* PlanTextInputView.swift */,
				6DDEC0352CC8173500D724FC /* PlanDateInputView.swift */,
			);
			path = Views;
			sourceTree = "<group>";
		};
		6DB92D2A2C899637005E48E9 /* Model */ = {
			isa = PBXGroup;
			children = (
				6D4E39AF2CDFAA680012312D /* Kid */,
				6D4E39AE2CDFAA630012312D /* SleepSession */,
			);
			path = Model;
			sourceTree = "<group>";
		};
		6DB9EDA72C7F0CD300B817DF /* ProfileTab */ = {
			isa = PBXGroup;
			children = (
				6DB9EDAC2C7F0DD500B817DF /* Componenets */,
				6DA85F5B2C86FB3D0025988E /* Views */,
				6DB9EDAA2C7F0DCB00B817DF /* ProfileTabView.swift */,
			);
			path = ProfileTab;
			sourceTree = "<group>";
		};
		6DB9EDA82C7F0D1800B817DF /* ScheduleTab */ = {
			isa = PBXGroup;
			children = (
				6DB9EDA92C7F0D2400B817DF /* Componenets */,
				6D183CB62C6BBBAD00E41F93 /* ScheduleTabView.swift */,
			);
			path = ScheduleTab;
			sourceTree = "<group>";
		};
		6DB9EDA92C7F0D2400B817DF /* Componenets */ = {
			isa = PBXGroup;
			children = (
				6D53F1BB2C70B45000FE25E1 /* AddSleepView */,
				6D183CC82C6BDA6300E41F93 /* DayPickerBarView */,
				6D77DF092C6C9DCF001A7B93 /* CalendarDayView */,
			);
			path = Componenets;
			sourceTree = "<group>";
		};
		6DB9EDAC2C7F0DD500B817DF /* Componenets */ = {
			isa = PBXGroup;
			children = (
				6D4E39AB2CDFA9D40012312D /* ProfileKidsListView */,
				6D3E0EBD2C8832FD00639940 /* ProfileCalendarViewModel.swift */,
				6DA85F5E2C870FF90025988E /* ProfileCalendarView.swift */,
				6DA85F602C8725FC0025988E /* ProfileHeaderView.swift */,
				6DA85F622C8726820025988E /* ProfileStatsView.swift */,
			);
			path = Componenets;
			sourceTree = "<group>";
		};
		6DB9EDAD2C7F0EAF00B817DF /* TodayTab */ = {
			isa = PBXGroup;
			children = (
				6D7D2D192CBAA64C00FA4BCF /* Componenets */,
				6DB9EDAF2C7F0EC700B817DF /* TodayTabView.swift */,
				6D9C6B472CC5327000B9D722 /* TodayTabViewModel.swift */,
			);
			path = TodayTab;
			sourceTree = "<group>";
		};
		6DCA4FD72CD676220070B172 /* PreferenceKeys */ = {
			isa = PBXGroup;
			children = (
				6DCA4FD82CD676290070B172 /* SleepSessionInProgressHeightPreferenceKey.swift */,
			);
			path = PreferenceKeys;
			sourceTree = "<group>";
		};
		6DD04A812CA412350061F4F6 /* ViewModifiers */ = {
			isa = PBXGroup;
			children = (
				6DD04A822CA412420061F4F6 /* GetDimensionsModifier.swift */,
				6DFB7BA92CA585A60017FB05 /* DimmedBackgroundViewModifier.swift */,
				6DCA4FD32CD675C90070B172 /* MeasureSizeModifier.swift */,
				6DCA4FD52CD676000070B172 /* AppendSleepSessionInProgressViewModifier.swift */,
			);
			path = ViewModifiers;
			sourceTree = "<group>";
		};
		6DDD4CA32C98353D00E3853E /* Resources */ = {
			isa = PBXGroup;
			children = (
				6DDD4CA42C98354300E3853E /* Fonts */,
			);
			path = Resources;
			sourceTree = "<group>";
		};
		6DDD4CA42C98354300E3853E /* Fonts */ = {
			isa = PBXGroup;
			children = (
				6DDD4CA92C98356100E3853E /* gothamrnd_light.otf */,
				6DDD4CA52C98355100E3853E /* gothamrnd_medium.otf */,
				6DDD4CA72C98355A00E3853E /* gothamrnd_bold.otf */,
			);
			path = Fonts;
			sourceTree = "<group>";
		};
		6DDEC02F2CC58BB600D724FC /* Stores */ = {
			isa = PBXGroup;
			children = (
				6DDEC0302CC58BCE00D724FC /* KidsStore */,
				6D9C6B512CC53F2800B9D722 /* SleepSessionStore */,
			);
			path = Stores;
			sourceTree = "<group>";
		};
		6DDEC0302CC58BCE00D724FC /* KidsStore */ = {
			isa = PBXGroup;
			children = (
				6D9C6B492CC53E3C00B9D722 /* KidsStore.swift */,
				6DDEC0332CC58C2200D724FC /* KidsStoreProtocol.swift */,
			);
			path = KidsStore;
			sourceTree = "<group>";
		};
/* End PBXGroup section */

/* Begin PBXNativeTarget section */
		6D183C822C6BB95C00E41F93 /* mellow-ios */ = {
			isa = PBXNativeTarget;
			buildConfigurationList = 6D183CA92C6BB95D00E41F93 /* Build configuration list for PBXNativeTarget "mellow-ios" */;
			buildPhases = (
				6D183C7F2C6BB95C00E41F93 /* Sources */,
				6D183C802C6BB95C00E41F93 /* Frameworks */,
				6D183C812C6BB95C00E41F93 /* Resources */,
			);
			buildRules = (
			);
			dependencies = (
			);
			name = "mellow-ios";
			packageProductDependencies = (
				6DB92D302C89DD0D005E48E9 /* SwiftlyBeautiful */,
			);
			productName = "mellow-ios";
			productReference = 6D183C832C6BB95C00E41F93 /* mellow-ios.app */;
			productType = "com.apple.product-type.application";
		};
		6D183C942C6BB95D00E41F93 /* mellow-iosTests */ = {
			isa = PBXNativeTarget;
			buildConfigurationList = 6D183CAC2C6BB95D00E41F93 /* Build configuration list for PBXNativeTarget "mellow-iosTests" */;
			buildPhases = (
				6D183C912C6BB95D00E41F93 /* Sources */,
				6D183C922C6BB95D00E41F93 /* Frameworks */,
				6D183C932C6BB95D00E41F93 /* Resources */,
			);
			buildRules = (
			);
			dependencies = (
				6D183C972C6BB95D00E41F93 /* PBXTargetDependency */,
			);
			name = "mellow-iosTests";
			productName = "mellow-iosTests";
			productReference = 6D183C952C6BB95D00E41F93 /* mellow-iosTests.xctest */;
			productType = "com.apple.product-type.bundle.unit-test";
		};
		6D183C9E2C6BB95D00E41F93 /* mellow-iosUITests */ = {
			isa = PBXNativeTarget;
			buildConfigurationList = 6D183CAF2C6BB95D00E41F93 /* Build configuration list for PBXNativeTarget "mellow-iosUITests" */;
			buildPhases = (
				6D183C9B2C6BB95D00E41F93 /* Sources */,
				6D183C9C2C6BB95D00E41F93 /* Frameworks */,
				6D183C9D2C6BB95D00E41F93 /* Resources */,
			);
			buildRules = (
			);
			dependencies = (
				6D183CA12C6BB95D00E41F93 /* PBXTargetDependency */,
			);
			name = "mellow-iosUITests";
			productName = "mellow-iosUITests";
			productReference = 6D183C9F2C6BB95D00E41F93 /* mellow-iosUITests.xctest */;
			productType = "com.apple.product-type.bundle.ui-testing";
		};
/* End PBXNativeTarget section */

/* Begin PBXProject section */
		6D183C7B2C6BB95C00E41F93 /* Project object */ = {
			isa = PBXProject;
			attributes = {
				BuildIndependentTargetsInParallel = 1;
				LastSwiftUpdateCheck = 1540;
				LastUpgradeCheck = 1540;
				TargetAttributes = {
					6D183C822C6BB95C00E41F93 = {
						CreatedOnToolsVersion = 15.4;
					};
					6D183C942C6BB95D00E41F93 = {
						CreatedOnToolsVersion = 15.4;
						TestTargetID = 6D183C822C6BB95C00E41F93;
					};
					6D183C9E2C6BB95D00E41F93 = {
						CreatedOnToolsVersion = 15.4;
						TestTargetID = 6D183C822C6BB95C00E41F93;
					};
				};
			};
			buildConfigurationList = 6D183C7E2C6BB95C00E41F93 /* Build configuration list for PBXProject "mellow-ios" */;
			compatibilityVersion = "Xcode 14.0";
			developmentRegion = en;
			hasScannedForEncodings = 0;
			knownRegions = (
				en,
				Base,
			);
			mainGroup = 6D183C7A2C6BB95C00E41F93;
			packageReferences = (
				6DB92D2F2C89DD0D005E48E9 /* XCRemoteSwiftPackageReference "SwiftlyBeautiful" */,
			);
			productRefGroup = 6D183C842C6BB95C00E41F93 /* Products */;
			projectDirPath = "";
			projectRoot = "";
			targets = (
				6D183C822C6BB95C00E41F93 /* mellow-ios */,
				6D183C942C6BB95D00E41F93 /* mellow-iosTests */,
				6D183C9E2C6BB95D00E41F93 /* mellow-iosUITests */,
			);
		};
/* End PBXProject section */

/* Begin PBXResourcesBuildPhase section */
		6D183C812C6BB95C00E41F93 /* Resources */ = {
			isa = PBXResourcesBuildPhase;
			buildActionMask = 2147483647;
			files = (
				6D3977F62C9070B0004CB093 /* macros.json in Resources */,
				6D183C902C6BB95D00E41F93 /* Preview Assets.xcassets in Resources */,
				6D3977F42C907086004CB093 /* ci_post_clone.sh in Resources */,
				6DDD4CA82C98355A00E3853E /* gothamrnd_bold.otf in Resources */,
				6D183C8D2C6BB95D00E41F93 /* Assets.xcassets in Resources */,
				6DDD4CA62C98355100E3853E /* gothamrnd_medium.otf in Resources */,
				6DDD4CAA2C98356100E3853E /* gothamrnd_light.otf in Resources */,
			);
			runOnlyForDeploymentPostprocessing = 0;
		};
		6D183C932C6BB95D00E41F93 /* Resources */ = {
			isa = PBXResourcesBuildPhase;
			buildActionMask = 2147483647;
			files = (
			);
			runOnlyForDeploymentPostprocessing = 0;
		};
		6D183C9D2C6BB95D00E41F93 /* Resources */ = {
			isa = PBXResourcesBuildPhase;
			buildActionMask = 2147483647;
			files = (
			);
			runOnlyForDeploymentPostprocessing = 0;
		};
/* End PBXResourcesBuildPhase section */

/* Begin PBXSourcesBuildPhase section */
		6D183C7F2C6BB95C00E41F93 /* Sources */ = {
			isa = PBXSourcesBuildPhase;
			buildActionMask = 2147483647;
			files = (
				6DCA4FD92CD676290070B172 /* SleepSessionInProgressHeightPreferenceKey.swift in Sources */,
				6D183CC32C6BBE2700E41F93 /* DayPickerBarCollectionView.swift in Sources */,
				6D3E0EBE2C8832FD00639940 /* ProfileCalendarViewModel.swift in Sources */,
				6DDEC0342CC58C2200D724FC /* KidsStoreProtocol.swift in Sources */,
				6D9C6B4A2CC53E3C00B9D722 /* KidsStore.swift in Sources */,
				6DB92D262C88AC42005E48E9 /* ContentView.swift in Sources */,
				6D77DF0B2C6C9DD9001A7B93 /* CalendarDayView.swift in Sources */,
				6D70911F2C6CA32F00007689 /* CalendarSeparator.swift in Sources */,
				6DD04A832CA412420061F4F6 /* GetDimensionsModifier.swift in Sources */,
				6D98B5472CA8329F00065B6C /* AddSleepHeader.swift in Sources */,
				6D9C6B482CC5327000B9D722 /* TodayTabViewModel.swift in Sources */,
				6D9C6B4E2CC53ED600B9D722 /* Array+SleepSession.swift in Sources */,
				6DB92D1E2C88A33E005E48E9 /* PlanTextInputView.swift in Sources */,
				6DCA4FD62CD676000070B172 /* AppendSleepSessionInProgressViewModifier.swift in Sources */,
				6DB92D242C88AC2A005E48E9 /* AppState.swift in Sources */,
				6D98B54A2CA8342500065B6C /* AddSleepTimePickers.swift in Sources */,
				6D1F2C8D2CD2B90500978DAF /* DiagonalLines.swift in Sources */,
				6D7091272C6D25CB00007689 /* SleepSessionEntryView.swift in Sources */,
				6DDEC0362CC8173500D724FC /* PlanDateInputView.swift in Sources */,
				6DB92D162C8850F2005E48E9 /* SubmitButton.swift in Sources */,
				6DCA4FD02CD644640070B172 /* SleepSessionInProgressView.swift in Sources */,
				6DC513432C7F9FB500793FEA /* CurrentTimeSeparatorView.swift in Sources */,
				6D7091232C6CA35800007689 /* DayHourSlotView.swift in Sources */,
				6DB92D2C2C899640005E48E9 /* Kid.swift in Sources */,
				6D34B32C2CC970210072EA5E /* Array+ScheduledSleepSession.swift in Sources */,
				6D9C6B4C2CC53E4700B9D722 /* SleepSessionStore.swift in Sources */,
				6DA85F612C8725FC0025988E /* ProfileHeaderView.swift in Sources */,
				6DB9EDAB2C7F0DCB00B817DF /* ProfileTabView.swift in Sources */,
				6D7D2D1D2CBAC8AC00FA4BCF /* NextSleepView.swift in Sources */,
				6D7315F82CDE9A55000D7F2D /* SleepSession+Validation.swift in Sources */,
				6D4E39AD2CDFA9E40012312D /* ProfileKidListItemView.swift in Sources */,
				6D9C6B542CC53FBC00B9D722 /* DatabaseService.swift in Sources */,
				6DB92D1A2C885649005E48E9 /* PlanPromptView.swift in Sources */,
				6DB92D202C88A56C005E48E9 /* OnboardingPlanStore.swift in Sources */,
				6D7091212C6CA34000007689 /* HourTimeView.swift in Sources */,
				6DCA4FD42CD675C90070B172 /* MeasureSizeModifier.swift in Sources */,
				6D53F1C02C70C4A000FE25E1 /* SleepTimePicker+ViewModel.swift in Sources */,
				6D183CB72C6BBBAD00E41F93 /* ScheduleTabView.swift in Sources */,
				6D34B3292CC962820072EA5E /* SleepSessionViewRepresentation.swift in Sources */,
				6DB92D132C8850B4005E48E9 /* IntroView.swift in Sources */,
				6D183CC52C6BC65600E41F93 /* GothamFont.swift in Sources */,
				6DDEC02E2CC58B7B00D724FC /* SleepSessionStoreProtocol.swift in Sources */,
				6DA85F632C8726820025988E /* ProfileStatsView.swift in Sources */,
				6D76C8902C732B100092C34E /* PageViewContent.swift in Sources */,
				6DFB7BAA2CA585A60017FB05 /* DimmedBackgroundViewModifier.swift in Sources */,
				6DA85F5D2C86FB510025988E /* ProfileSettingsView.swift in Sources */,
				6D1F2C8F2CD2BD6100978DAF /* RoundedCorner.swift in Sources */,
				6D7D2D1B2CBAA80500FA4BCF /* SleepProgressBarView.swift in Sources */,
				6DB92D2E2C899649005E48E9 /* SleepSession.swift in Sources */,
				6D70912C2C6E1FE200007689 /* AddSleepView.swift in Sources */,
				6D7315F62CDE9958000D7F2D /* SleepSession+Factory.swift in Sources */,
				6D183CBA2C6BBBE800E41F93 /* DayPickerBarView.swift in Sources */,
				6DB92D282C898B0D005E48E9 /* ProgressBar.swift in Sources */,
				6DB9EDB02C7F0EC700B817DF /* TodayTabView.swift in Sources */,
				6D53F1BD2C70B48F00FE25E1 /* SleepTimePicker.swift in Sources */,
				6D77DF0D2C6C9DF2001A7B93 /* Date+Extensions.swift in Sources */,
				6D9C6B462CC3D65F00B9D722 /* SessionInfoView.swift in Sources */,
				6DB92D222C88A809005E48E9 /* OnboardingPlanView.swift in Sources */,
				6DB9EDB42C7F18C500B817DF /* RootViewModel.swift in Sources */,
				6DB92D1C2C888B81005E48E9 /* PlanQuestionView.swift in Sources */,
				6DDEC0382CC81A8300D724FC /* SleepManager.swift in Sources */,
				6D183C872C6BB95C00E41F93 /* mellow_iosApp.swift in Sources */,
				6D4E39B42CE019FD0012312D /* ProfileSettingsKidEditView.swift in Sources */,
				6DA85F672C87277B0025988E /* ProfileView.swift in Sources */,
				6DA85F5F2C870FF90025988E /* ProfileCalendarView.swift in Sources */,
				6D4E39B12CDFAA880012312D /* Kid+Age.swift in Sources */,
				6D183CB32C6BBB6B00E41F93 /* RootView.swift in Sources */,
				6D4E39AA2CDFA8F30012312D /* ProfileKidsListView.swift in Sources */,
				6D183CC12C6BBE1100E41F93 /* DayPickerBarViewRepresentable.swift in Sources */,
				6D98B54C2CA835C200065B6C /* AddSleepSessionDelete.swift in Sources */,
				6D183CC72C6BC67B00E41F93 /* DayPickerBarCollectionView+Cell.swift in Sources */,
				6D7091252C6CA37200007689 /* CalendarDayViewModel.swift in Sources */,
				6D70912A2C6DF3B600007689 /* SleepSessionViewModel.swift in Sources */,
				6D76C8922C748BE30092C34E /* CalendarDayViewWithPager.swift in Sources */,
			);
			runOnlyForDeploymentPostprocessing = 0;
		};
		6D183C912C6BB95D00E41F93 /* Sources */ = {
			isa = PBXSourcesBuildPhase;
			buildActionMask = 2147483647;
			files = (
				6D183C9A2C6BB95D00E41F93 /* mellow_iosTests.swift in Sources */,
			);
			runOnlyForDeploymentPostprocessing = 0;
		};
		6D183C9B2C6BB95D00E41F93 /* Sources */ = {
			isa = PBXSourcesBuildPhase;
			buildActionMask = 2147483647;
			files = (
				6D183CA62C6BB95D00E41F93 /* mellow_iosUITestsLaunchTests.swift in Sources */,
				6D183CA42C6BB95D00E41F93 /* mellow_iosUITests.swift in Sources */,
			);
			runOnlyForDeploymentPostprocessing = 0;
		};
/* End PBXSourcesBuildPhase section */

/* Begin PBXTargetDependency section */
		6D183C972C6BB95D00E41F93 /* PBXTargetDependency */ = {
			isa = PBXTargetDependency;
			target = 6D183C822C6BB95C00E41F93 /* mellow-ios */;
			targetProxy = 6D183C962C6BB95D00E41F93 /* PBXContainerItemProxy */;
		};
		6D183CA12C6BB95D00E41F93 /* PBXTargetDependency */ = {
			isa = PBXTargetDependency;
			target = 6D183C822C6BB95C00E41F93 /* mellow-ios */;
			targetProxy = 6D183CA02C6BB95D00E41F93 /* PBXContainerItemProxy */;
		};
/* End PBXTargetDependency section */

/* Begin XCBuildConfiguration section */
		6D183CA72C6BB95D00E41F93 /* Debug */ = {
			isa = XCBuildConfiguration;
			buildSettings = {
				ALWAYS_SEARCH_USER_PATHS = NO;
				ASSETCATALOG_COMPILER_GENERATE_SWIFT_ASSET_SYMBOL_EXTENSIONS = YES;
				CLANG_ANALYZER_NONNULL = YES;
				CLANG_ANALYZER_NUMBER_OBJECT_CONVERSION = YES_AGGRESSIVE;
				CLANG_CXX_LANGUAGE_STANDARD = "gnu++20";
				CLANG_ENABLE_MODULES = YES;
				CLANG_ENABLE_OBJC_ARC = YES;
				CLANG_ENABLE_OBJC_WEAK = YES;
				CLANG_WARN_BLOCK_CAPTURE_AUTORELEASING = YES;
				CLANG_WARN_BOOL_CONVERSION = YES;
				CLANG_WARN_COMMA = YES;
				CLANG_WARN_CONSTANT_CONVERSION = YES;
				CLANG_WARN_DEPRECATED_OBJC_IMPLEMENTATIONS = YES;
				CLANG_WARN_DIRECT_OBJC_ISA_USAGE = YES_ERROR;
				CLANG_WARN_DOCUMENTATION_COMMENTS = YES;
				CLANG_WARN_EMPTY_BODY = YES;
				CLANG_WARN_ENUM_CONVERSION = YES;
				CLANG_WARN_INFINITE_RECURSION = YES;
				CLANG_WARN_INT_CONVERSION = YES;
				CLANG_WARN_NON_LITERAL_NULL_CONVERSION = YES;
				CLANG_WARN_OBJC_IMPLICIT_RETAIN_SELF = YES;
				CLANG_WARN_OBJC_LITERAL_CONVERSION = YES;
				CLANG_WARN_OBJC_ROOT_CLASS = YES_ERROR;
				CLANG_WARN_QUOTED_INCLUDE_IN_FRAMEWORK_HEADER = YES;
				CLANG_WARN_RANGE_LOOP_ANALYSIS = YES;
				CLANG_WARN_STRICT_PROTOTYPES = YES;
				CLANG_WARN_SUSPICIOUS_MOVE = YES;
				CLANG_WARN_UNGUARDED_AVAILABILITY = YES_AGGRESSIVE;
				CLANG_WARN_UNREACHABLE_CODE = YES;
				CLANG_WARN__DUPLICATE_METHOD_MATCH = YES;
				COPY_PHASE_STRIP = NO;
				DEBUG_INFORMATION_FORMAT = dwarf;
				ENABLE_STRICT_OBJC_MSGSEND = YES;
				ENABLE_TESTABILITY = YES;
				ENABLE_USER_SCRIPT_SANDBOXING = YES;
				GCC_C_LANGUAGE_STANDARD = gnu17;
				GCC_DYNAMIC_NO_PIC = NO;
				GCC_NO_COMMON_BLOCKS = YES;
				GCC_OPTIMIZATION_LEVEL = 0;
				GCC_PREPROCESSOR_DEFINITIONS = (
					"DEBUG=1",
					"$(inherited)",
				);
				GCC_WARN_64_TO_32_BIT_CONVERSION = YES;
				GCC_WARN_ABOUT_RETURN_TYPE = YES_ERROR;
				GCC_WARN_UNDECLARED_SELECTOR = YES;
				GCC_WARN_UNINITIALIZED_AUTOS = YES_AGGRESSIVE;
				GCC_WARN_UNUSED_FUNCTION = YES;
				GCC_WARN_UNUSED_VARIABLE = YES;
				IPHONEOS_DEPLOYMENT_TARGET = 17.5;
				LOCALIZATION_PREFERS_STRING_CATALOGS = YES;
				MTL_ENABLE_DEBUG_INFO = INCLUDE_SOURCE;
				MTL_FAST_MATH = YES;
				ONLY_ACTIVE_ARCH = YES;
				SDKROOT = iphoneos;
				SWIFT_ACTIVE_COMPILATION_CONDITIONS = "DEBUG $(inherited)";
				SWIFT_OPTIMIZATION_LEVEL = "-Onone";
			};
			name = Debug;
		};
		6D183CA82C6BB95D00E41F93 /* Release */ = {
			isa = XCBuildConfiguration;
			buildSettings = {
				ALWAYS_SEARCH_USER_PATHS = NO;
				ASSETCATALOG_COMPILER_GENERATE_SWIFT_ASSET_SYMBOL_EXTENSIONS = YES;
				CLANG_ANALYZER_NONNULL = YES;
				CLANG_ANALYZER_NUMBER_OBJECT_CONVERSION = YES_AGGRESSIVE;
				CLANG_CXX_LANGUAGE_STANDARD = "gnu++20";
				CLANG_ENABLE_MODULES = YES;
				CLANG_ENABLE_OBJC_ARC = YES;
				CLANG_ENABLE_OBJC_WEAK = YES;
				CLANG_WARN_BLOCK_CAPTURE_AUTORELEASING = YES;
				CLANG_WARN_BOOL_CONVERSION = YES;
				CLANG_WARN_COMMA = YES;
				CLANG_WARN_CONSTANT_CONVERSION = YES;
				CLANG_WARN_DEPRECATED_OBJC_IMPLEMENTATIONS = YES;
				CLANG_WARN_DIRECT_OBJC_ISA_USAGE = YES_ERROR;
				CLANG_WARN_DOCUMENTATION_COMMENTS = YES;
				CLANG_WARN_EMPTY_BODY = YES;
				CLANG_WARN_ENUM_CONVERSION = YES;
				CLANG_WARN_INFINITE_RECURSION = YES;
				CLANG_WARN_INT_CONVERSION = YES;
				CLANG_WARN_NON_LITERAL_NULL_CONVERSION = YES;
				CLANG_WARN_OBJC_IMPLICIT_RETAIN_SELF = YES;
				CLANG_WARN_OBJC_LITERAL_CONVERSION = YES;
				CLANG_WARN_OBJC_ROOT_CLASS = YES_ERROR;
				CLANG_WARN_QUOTED_INCLUDE_IN_FRAMEWORK_HEADER = YES;
				CLANG_WARN_RANGE_LOOP_ANALYSIS = YES;
				CLANG_WARN_STRICT_PROTOTYPES = YES;
				CLANG_WARN_SUSPICIOUS_MOVE = YES;
				CLANG_WARN_UNGUARDED_AVAILABILITY = YES_AGGRESSIVE;
				CLANG_WARN_UNREACHABLE_CODE = YES;
				CLANG_WARN__DUPLICATE_METHOD_MATCH = YES;
				COPY_PHASE_STRIP = NO;
				DEBUG_INFORMATION_FORMAT = "dwarf-with-dsym";
				ENABLE_NS_ASSERTIONS = NO;
				ENABLE_STRICT_OBJC_MSGSEND = YES;
				ENABLE_USER_SCRIPT_SANDBOXING = YES;
				GCC_C_LANGUAGE_STANDARD = gnu17;
				GCC_NO_COMMON_BLOCKS = YES;
				GCC_WARN_64_TO_32_BIT_CONVERSION = YES;
				GCC_WARN_ABOUT_RETURN_TYPE = YES_ERROR;
				GCC_WARN_UNDECLARED_SELECTOR = YES;
				GCC_WARN_UNINITIALIZED_AUTOS = YES_AGGRESSIVE;
				GCC_WARN_UNUSED_FUNCTION = YES;
				GCC_WARN_UNUSED_VARIABLE = YES;
				IPHONEOS_DEPLOYMENT_TARGET = 17.5;
				LOCALIZATION_PREFERS_STRING_CATALOGS = YES;
				MTL_ENABLE_DEBUG_INFO = NO;
				MTL_FAST_MATH = YES;
				SDKROOT = iphoneos;
				SWIFT_COMPILATION_MODE = wholemodule;
				VALIDATE_PRODUCT = YES;
			};
			name = Release;
		};
		6D183CAA2C6BB95D00E41F93 /* Debug */ = {
			isa = XCBuildConfiguration;
			buildSettings = {
				ASSETCATALOG_COMPILER_APPICON_NAME = AppIcon;
				ASSETCATALOG_COMPILER_GLOBAL_ACCENT_COLOR_NAME = AccentColor;
				ASSETCATALOG_COMPILER_INCLUDE_ALL_APPICON_ASSETS = YES;
				CODE_SIGN_STYLE = Automatic;
				CURRENT_PROJECT_VERSION = 41;
				DEVELOPMENT_ASSET_PATHS = "\"mellow-ios/Preview Content\"";
				DEVELOPMENT_TEAM = DRU4XTX272;
				ENABLE_PREVIEWS = YES;
				GENERATE_INFOPLIST_FILE = YES;
				INFOPLIST_FILE = "mellow-ios/Info.plist";
				INFOPLIST_KEY_UIApplicationSceneManifest_Generation = YES;
				INFOPLIST_KEY_UIApplicationSupportsIndirectInputEvents = YES;
				INFOPLIST_KEY_UILaunchScreen_Generation = YES;
				INFOPLIST_KEY_UISupportedInterfaceOrientations_iPad = "UIInterfaceOrientationPortrait UIInterfaceOrientationPortraitUpsideDown UIInterfaceOrientationLandscapeLeft UIInterfaceOrientationLandscapeRight";
				INFOPLIST_KEY_UISupportedInterfaceOrientations_iPhone = "UIInterfaceOrientationPortrait UIInterfaceOrientationLandscapeLeft UIInterfaceOrientationLandscapeRight";
				INFOPLIST_KEY_UIUserInterfaceStyle = Light;
				LD_RUNPATH_SEARCH_PATHS = (
					"$(inherited)",
					"@executable_path/Frameworks",
				);
				MARKETING_VERSION = 1.0;
				OTHER_SWIFT_FLAGS = "";
				PRODUCT_BUNDLE_IDENTIFIER = "com.growgenie.mellow-ios";
				PRODUCT_NAME = "$(TARGET_NAME)";
				SWIFT_EMIT_LOC_STRINGS = YES;
				SWIFT_VERSION = 5.0;
				TARGETED_DEVICE_FAMILY = "1,2";
			};
			name = Debug;
		};
		6D183CAB2C6BB95D00E41F93 /* Release */ = {
			isa = XCBuildConfiguration;
			buildSettings = {
				ASSETCATALOG_COMPILER_APPICON_NAME = AppIcon;
				ASSETCATALOG_COMPILER_GLOBAL_ACCENT_COLOR_NAME = AccentColor;
				ASSETCATALOG_COMPILER_INCLUDE_ALL_APPICON_ASSETS = YES;
				CODE_SIGN_STYLE = Automatic;
				CURRENT_PROJECT_VERSION = 41;
				DEVELOPMENT_ASSET_PATHS = "\"mellow-ios/Preview Content\"";
				DEVELOPMENT_TEAM = DRU4XTX272;
				ENABLE_PREVIEWS = YES;
				GENERATE_INFOPLIST_FILE = YES;
				INFOPLIST_FILE = "mellow-ios/Info.plist";
				INFOPLIST_KEY_UIApplicationSceneManifest_Generation = YES;
				INFOPLIST_KEY_UIApplicationSupportsIndirectInputEvents = YES;
				INFOPLIST_KEY_UILaunchScreen_Generation = YES;
				INFOPLIST_KEY_UISupportedInterfaceOrientations_iPad = "UIInterfaceOrientationPortrait UIInterfaceOrientationPortraitUpsideDown UIInterfaceOrientationLandscapeLeft UIInterfaceOrientationLandscapeRight";
				INFOPLIST_KEY_UISupportedInterfaceOrientations_iPhone = "UIInterfaceOrientationPortrait UIInterfaceOrientationLandscapeLeft UIInterfaceOrientationLandscapeRight";
				INFOPLIST_KEY_UIUserInterfaceStyle = Light;
				LD_RUNPATH_SEARCH_PATHS = (
					"$(inherited)",
					"@executable_path/Frameworks",
				);
				MARKETING_VERSION = 1.0;
				OTHER_SWIFT_FLAGS = "";
				PRODUCT_BUNDLE_IDENTIFIER = "com.growgenie.mellow-ios";
				PRODUCT_NAME = "$(TARGET_NAME)";
				SWIFT_EMIT_LOC_STRINGS = YES;
				SWIFT_VERSION = 5.0;
				TARGETED_DEVICE_FAMILY = "1,2";
			};
			name = Release;
		};
		6D183CAD2C6BB95D00E41F93 /* Debug */ = {
			isa = XCBuildConfiguration;
			buildSettings = {
				ALWAYS_EMBED_SWIFT_STANDARD_LIBRARIES = YES;
				BUNDLE_LOADER = "$(TEST_HOST)";
				CODE_SIGN_STYLE = Automatic;
				CURRENT_PROJECT_VERSION = 1;
				DEVELOPMENT_TEAM = DRU4XTX272;
				GENERATE_INFOPLIST_FILE = YES;
				IPHONEOS_DEPLOYMENT_TARGET = 17.5;
				MARKETING_VERSION = 1.0;
				PRODUCT_BUNDLE_IDENTIFIER = "com.growgenie.mellow-iosTests";
				PRODUCT_NAME = "$(TARGET_NAME)";
				SWIFT_EMIT_LOC_STRINGS = NO;
				SWIFT_VERSION = 5.0;
				TARGETED_DEVICE_FAMILY = "1,2";
				TEST_HOST = "$(BUILT_PRODUCTS_DIR)/mellow-ios.app/$(BUNDLE_EXECUTABLE_FOLDER_PATH)/mellow-ios";
			};
			name = Debug;
		};
		6D183CAE2C6BB95D00E41F93 /* Release */ = {
			isa = XCBuildConfiguration;
			buildSettings = {
				ALWAYS_EMBED_SWIFT_STANDARD_LIBRARIES = YES;
				BUNDLE_LOADER = "$(TEST_HOST)";
				CODE_SIGN_STYLE = Automatic;
				CURRENT_PROJECT_VERSION = 1;
				DEVELOPMENT_TEAM = DRU4XTX272;
				GENERATE_INFOPLIST_FILE = YES;
				IPHONEOS_DEPLOYMENT_TARGET = 17.5;
				MARKETING_VERSION = 1.0;
				PRODUCT_BUNDLE_IDENTIFIER = "com.growgenie.mellow-iosTests";
				PRODUCT_NAME = "$(TARGET_NAME)";
				SWIFT_EMIT_LOC_STRINGS = NO;
				SWIFT_VERSION = 5.0;
				TARGETED_DEVICE_FAMILY = "1,2";
				TEST_HOST = "$(BUILT_PRODUCTS_DIR)/mellow-ios.app/$(BUNDLE_EXECUTABLE_FOLDER_PATH)/mellow-ios";
			};
			name = Release;
		};
		6D183CB02C6BB95D00E41F93 /* Debug */ = {
			isa = XCBuildConfiguration;
			buildSettings = {
				ALWAYS_EMBED_SWIFT_STANDARD_LIBRARIES = YES;
				CODE_SIGN_STYLE = Automatic;
				CURRENT_PROJECT_VERSION = 1;
				DEVELOPMENT_TEAM = DRU4XTX272;
				GENERATE_INFOPLIST_FILE = YES;
				MARKETING_VERSION = 1.0;
				PRODUCT_BUNDLE_IDENTIFIER = "com.growgenie.mellow-iosUITests";
				PRODUCT_NAME = "$(TARGET_NAME)";
				SWIFT_EMIT_LOC_STRINGS = NO;
				SWIFT_VERSION = 5.0;
				TARGETED_DEVICE_FAMILY = "1,2";
				TEST_TARGET_NAME = "mellow-ios";
			};
			name = Debug;
		};
		6D183CB12C6BB95D00E41F93 /* Release */ = {
			isa = XCBuildConfiguration;
			buildSettings = {
				ALWAYS_EMBED_SWIFT_STANDARD_LIBRARIES = YES;
				CODE_SIGN_STYLE = Automatic;
				CURRENT_PROJECT_VERSION = 1;
				DEVELOPMENT_TEAM = DRU4XTX272;
				GENERATE_INFOPLIST_FILE = YES;
				MARKETING_VERSION = 1.0;
				PRODUCT_BUNDLE_IDENTIFIER = "com.growgenie.mellow-iosUITests";
				PRODUCT_NAME = "$(TARGET_NAME)";
				SWIFT_EMIT_LOC_STRINGS = NO;
				SWIFT_VERSION = 5.0;
				TARGETED_DEVICE_FAMILY = "1,2";
				TEST_TARGET_NAME = "mellow-ios";
			};
			name = Release;
		};
/* End XCBuildConfiguration section */

/* Begin XCConfigurationList section */
		6D183C7E2C6BB95C00E41F93 /* Build configuration list for PBXProject "mellow-ios" */ = {
			isa = XCConfigurationList;
			buildConfigurations = (
				6D183CA72C6BB95D00E41F93 /* Debug */,
				6D183CA82C6BB95D00E41F93 /* Release */,
			);
			defaultConfigurationIsVisible = 0;
			defaultConfigurationName = Release;
		};
		6D183CA92C6BB95D00E41F93 /* Build configuration list for PBXNativeTarget "mellow-ios" */ = {
			isa = XCConfigurationList;
			buildConfigurations = (
				6D183CAA2C6BB95D00E41F93 /* Debug */,
				6D183CAB2C6BB95D00E41F93 /* Release */,
			);
			defaultConfigurationIsVisible = 0;
			defaultConfigurationName = Release;
		};
		6D183CAC2C6BB95D00E41F93 /* Build configuration list for PBXNativeTarget "mellow-iosTests" */ = {
			isa = XCConfigurationList;
			buildConfigurations = (
				6D183CAD2C6BB95D00E41F93 /* Debug */,
				6D183CAE2C6BB95D00E41F93 /* Release */,
			);
			defaultConfigurationIsVisible = 0;
			defaultConfigurationName = Release;
		};
		6D183CAF2C6BB95D00E41F93 /* Build configuration list for PBXNativeTarget "mellow-iosUITests" */ = {
			isa = XCConfigurationList;
			buildConfigurations = (
				6D183CB02C6BB95D00E41F93 /* Debug */,
				6D183CB12C6BB95D00E41F93 /* Release */,
			);
			defaultConfigurationIsVisible = 0;
			defaultConfigurationName = Release;
		};
/* End XCConfigurationList section */

/* Begin XCRemoteSwiftPackageReference section */
		6DB92D2F2C89DD0D005E48E9 /* XCRemoteSwiftPackageReference "SwiftlyBeautiful" */ = {
			isa = XCRemoteSwiftPackageReference;
			repositoryURL = "https://github.com/ltomaszewski/SwiftlyBeautiful";
			requirement = {
				branch = master;
				kind = branch;
			};
		};
/* End XCRemoteSwiftPackageReference section */

/* Begin XCSwiftPackageProductDependency section */
		6DB92D302C89DD0D005E48E9 /* SwiftlyBeautiful */ = {
			isa = XCSwiftPackageProductDependency;
			package = 6DB92D2F2C89DD0D005E48E9 /* XCRemoteSwiftPackageReference "SwiftlyBeautiful" */;
			productName = SwiftlyBeautiful;
		};
/* End XCSwiftPackageProductDependency section */
	};
	rootObject = 6D183C7B2C6BB95C00E41F93 /* Project object */;
}
