{
  "originHash" : "6f65feedf2afadaf566199ab3f100bbdb5768f9b038a1b84707e709fa7fe9eb7",
  "pins" : [
    {
      "identity" : "swift-syntax-xcframeworks",
      "kind" : "remoteSourceControl",
      "location" : "https://github.com/sjavora/swift-syntax-xcframeworks.git",
      "state" : {
        "revision" : "7501c18dfe20e637818d838df961072176d6296e",
        "version" : "510.0.1"
      }
    },
    {
      "identity" : "swiftlybeautiful",
      "kind" : "remoteSourceControl",
      "location" : "https://github.com/ltomaszewski/SwiftlyBeautiful",
      "state" : {
        "branch" : "master",
        "revision" : "9e52c15470eba40f202862a83b9bd08bba5f18be"
      }
    }
  ],
  "version" : 3
}
