{
  "originHash" : "6f65feedf2afadaf566199ab3f100bbdb5768f9b038a1b84707e709fa7fe9eb7",
  "pins" : [
    {
      "identity" : "swift-syntax",
      "kind" : "remoteSourceControl",
      "location" : "https://github.com/apple/swift-syntax.git",
      "state" : {
        "revision" : "64889f0c732f210a935a0ad7cda38f77f876262d",
        "version" : "509.1.1"
      }
    },
    {
      "identity" : "swiftlybeautiful",
      "kind" : "remoteSourceControl",
      "location" : "https://github.com/ltomaszewski/SwiftlyBeautiful",
      "state" : {
        "branch" : "master",
        "revision" : "3a8b9d15df377e6d340afd69811e5a1af34cb933"
      }
    }
  ],
  "version" : 3
}
